
Microsoft Visual Studio Solution File, Format Version 12.00
# Visual Studio Version 16
VisualStudioVersion = 16.0.31205.134
MinimumVisualStudioVersion = 10.0.40219.1
Project("{8BC9CEB8-8B4A-11D0-8D11-00A0C91BC942}") = "Client", "Project\Client\Client.vcxproj", "{75B4AA9A-1436-4E8E-90CA-040DB2DC272A}"
	ProjectSection(ProjectDependencies) = postProject
		{C90D1413-993A-44DF-B0D7-C8023CCFE4EB} = {C90D1413-993A-44DF-B0D7-C8023CCFE4EB}
		{11370236-1F28-4993-A776-04DF291CB84A} = {11370236-1F28-4993-A776-04DF291CB84A}
	EndProjectSection
EndProject
Project("{8BC9CEB8-8B4A-11D0-8D11-00A0C91BC942}") = "Engine", "Project\Engine\StaticLib.vcxproj", "{C90D1413-993A-44DF-B0D7-C8023CCFE4EB}"
EndProject
Project("{8BC9CEB8-8B4A-11D0-8D11-00A0C91BC942}") = "Script", "Project\Script\Script.vcxproj", "{11370236-1F28-4993-A776-04DF291CB84A}"
	ProjectSection(ProjectDependencies) = postProject
		{C90D1413-993A-44DF-B0D7-C8023CCFE4EB} = {C90D1413-993A-44DF-B0D7-C8023CCFE4EB}
	EndProjectSection
EndProject
Project("{8BC9CEB8-8B4A-11D0-8D11-00A0C91BC942}") = "CodeGen", "Project\CodeGen\CodeGen.vcxproj", "{FD69567E-8FBB-45F0-AA9E-71872590AFDD}"
EndProject
Project("{8BC9CEB8-8B4A-11D0-8D11-00A0C91BC942}") = "MFCDialog", "Project\MFCDialog\MFCDialog.vcxproj", "{1C54AED5-4DE8-48DB-AFB8-5C915F390BF6}"
EndProject
Global
	GlobalSection(SolutionConfigurationPlatforms) = preSolution
		Debug_Graphics|x64 = Debug_Graphics|x64
		Debug_Graphics|x86 = Debug_Graphics|x86
		Debug|x64 = Debug|x64
		Debug|x86 = Debug|x86
		Release|x64 = Release|x64
		Release|x86 = Release|x86
	EndGlobalSection
	GlobalSection(ProjectConfigurationPlatforms) = postSolution
		{75B4AA9A-1436-4E8E-90CA-040DB2DC272A}.Debug_Graphics|x64.ActiveCfg = Debug|x64
		{75B4AA9A-1436-4E8E-90CA-040DB2DC272A}.Debug_Graphics|x64.Build.0 = Debug|x64
		{75B4AA9A-1436-4E8E-90CA-040DB2DC272A}.Debug_Graphics|x86.ActiveCfg = Debug_Graphics|Win32
		{75B4AA9A-1436-4E8E-90CA-040DB2DC272A}.Debug_Graphics|x86.Build.0 = Debug_Graphics|Win32
		{75B4AA9A-1436-4E8E-90CA-040DB2DC272A}.Debug|x64.ActiveCfg = Debug|x64
		{75B4AA9A-1436-4E8E-90CA-040DB2DC272A}.Debug|x64.Build.0 = Debug|x64
		{75B4AA9A-1436-4E8E-90CA-040DB2DC272A}.Debug|x86.ActiveCfg = Debug|Win32
		{75B4AA9A-1436-4E8E-90CA-040DB2DC272A}.Debug|x86.Build.0 = Debug|Win32
		{75B4AA9A-1436-4E8E-90CA-040DB2DC272A}.Release|x64.ActiveCfg = Release|x64
		{75B4AA9A-1436-4E8E-90CA-040DB2DC272A}.Release|x64.Build.0 = Release|x64
		{75B4AA9A-1436-4E8E-90CA-040DB2DC272A}.Release|x86.ActiveCfg = Release|Win32
		{75B4AA9A-1436-4E8E-90CA-040DB2DC272A}.Release|x86.Build.0 = Release|Win32
		{C90D1413-993A-44DF-B0D7-C8023CCFE4EB}.Debug_Graphics|x64.ActiveCfg = Debug|x64
		{C90D1413-993A-44DF-B0D7-C8023CCFE4EB}.Debug_Graphics|x64.Build.0 = Debug|x64
		{C90D1413-993A-44DF-B0D7-C8023CCFE4EB}.Debug_Graphics|x86.ActiveCfg = Debug_Graphics|Win32
		{C90D1413-993A-44DF-B0D7-C8023CCFE4EB}.Debug_Graphics|x86.Build.0 = Debug_Graphics|Win32
		{C90D1413-993A-44DF-B0D7-C8023CCFE4EB}.Debug|x64.ActiveCfg = Debug|x64
		{C90D1413-993A-44DF-B0D7-C8023CCFE4EB}.Debug|x64.Build.0 = Debug|x64
		{C90D1413-993A-44DF-B0D7-C8023CCFE4EB}.Debug|x86.ActiveCfg = Debug|Win32
		{C90D1413-993A-44DF-B0D7-C8023CCFE4EB}.Debug|x86.Build.0 = Debug|Win32
		{C90D1413-993A-44DF-B0D7-C8023CCFE4EB}.Release|x64.ActiveCfg = Release|x64
		{C90D1413-993A-44DF-B0D7-C8023CCFE4EB}.Release|x64.Build.0 = Release|x64
		{C90D1413-993A-44DF-B0D7-C8023CCFE4EB}.Release|x86.ActiveCfg = Release|Win32
		{C90D1413-993A-44DF-B0D7-C8023CCFE4EB}.Release|x86.Build.0 = Release|Win32
		{11370236-1F28-4993-A776-04DF291CB84A}.Debug_Graphics|x64.ActiveCfg = Debug|x64
		{11370236-1F28-4993-A776-04DF291CB84A}.Debug_Graphics|x64.Build.0 = Debug|x64
		{11370236-1F28-4993-A776-04DF291CB84A}.Debug_Graphics|x86.ActiveCfg = Debug_Graphics|Win32
		{11370236-1F28-4993-A776-04DF291CB84A}.Debug_Graphics|x86.Build.0 = Debug_Graphics|Win32
		{11370236-1F28-4993-A776-04DF291CB84A}.Debug|x64.ActiveCfg = Debug|x64
		{11370236-1F28-4993-A776-04DF291CB84A}.Debug|x64.Build.0 = Debug|x64
		{11370236-1F28-4993-A776-04DF291CB84A}.Debug|x86.ActiveCfg = Debug|Win32
		{11370236-1F28-4993-A776-04DF291CB84A}.Debug|x86.Build.0 = Debug|Win32
		{11370236-1F28-4993-A776-04DF291CB84A}.Release|x64.ActiveCfg = Release|x64
		{11370236-1F28-4993-A776-04DF291CB84A}.Release|x64.Build.0 = Release|x64
		{11370236-1F28-4993-A776-04DF291CB84A}.Release|x86.ActiveCfg = Release|Win32
		{11370236-1F28-4993-A776-04DF291CB84A}.Release|x86.Build.0 = Release|Win32
		{FD69567E-8FBB-45F0-AA9E-71872590AFDD}.Debug_Graphics|x64.ActiveCfg = Debug|x64
		{FD69567E-8FBB-45F0-AA9E-71872590AFDD}.Debug_Graphics|x86.ActiveCfg = Debug_Graphics|Win32
		{FD69567E-8FBB-45F0-AA9E-71872590AFDD}.Debug_Graphics|x86.Build.0 = Debug_Graphics|Win32
		{FD69567E-8FBB-45F0-AA9E-71872590AFDD}.Debug|x64.ActiveCfg = Debug|x64
		{FD69567E-8FBB-45F0-AA9E-71872590AFDD}.Debug|x86.ActiveCfg = Debug|Win32
		{FD69567E-8FBB-45F0-AA9E-71872590AFDD}.Debug|x86.Build.0 = Debug|Win32
		{FD69567E-8FBB-45F0-AA9E-71872590AFDD}.Release|x64.ActiveCfg = Release|x64
		{FD69567E-8FBB-45F0-AA9E-71872590AFDD}.Release|x86.ActiveCfg = Release|Win32
		{FD69567E-8FBB-45F0-AA9E-71872590AFDD}.Release|x86.Build.0 = Release|Win32
		{1C54AED5-4DE8-48DB-AFB8-5C915F390BF6}.Debug_Graphics|x64.ActiveCfg = Debug|x64
		{1C54AED5-4DE8-48DB-AFB8-5C915F390BF6}.Debug_Graphics|x86.ActiveCfg = Debug|Win32
		{1C54AED5-4DE8-48DB-AFB8-5C915F390BF6}.Debug|x64.ActiveCfg = Debug|x64
		{1C54AED5-4DE8-48DB-AFB8-5C915F390BF6}.Debug|x64.Build.0 = Debug|x64
		{1C54AED5-4DE8-48DB-AFB8-5C915F390BF6}.Debug|x86.ActiveCfg = Debug|Win32
		{1C54AED5-4DE8-48DB-AFB8-5C915F390BF6}.Debug|x86.Build.0 = Debug|Win32
		{1C54AED5-4DE8-48DB-AFB8-5C915F390BF6}.Release|x64.ActiveCfg = Release|x64
		{1C54AED5-4DE8-48DB-AFB8-5C915F390BF6}.Release|x64.Build.0 = Release|x64
		{1C54AED5-4DE8-48DB-AFB8-5C915F390BF6}.Release|x86.ActiveCfg = Release|Win32
		{1C54AED5-4DE8-48DB-AFB8-5C915F390BF6}.Release|x86.Build.0 = Release|Win32
	EndGlobalSection
	GlobalSection(SolutionProperties) = preSolution
		HideSolutionNode = FALSE
	EndGlobalSection
	GlobalSection(ExtensibilityGlobals) = postSolution
		SolutionGuid = {20393731-C80A-4B2E-A98F-88B323F82733}
	EndGlobalSection
EndGlobal
