<?xml version="1.0" encoding="utf-8"?>
<Project ToolsVersion="4.0" xmlns="http://schemas.microsoft.com/developer/msbuild/2003">
  <ItemGroup>
    <Filter Include="Default">
      <UniqueIdentifier>{220db417-dec2-4b0d-bd27-4b19be930f4b}</UniqueIdentifier>
    </Filter>
    <Filter Include="ScriptManager">
      <UniqueIdentifier>{88a62faf-3187-4273-a5d4-c3d62f210f56}</UniqueIdentifier>
    </Filter>
    <Filter Include="Games">
      <UniqueIdentifier>{50d6400e-7abc-492d-ac0f-1ae5db7fee46}</UniqueIdentifier>
    </Filter>
    <Filter Include="Games\ShootingGame">
      <UniqueIdentifier>{1c677d58-07fe-4c84-9c04-a81f77ef9d30}</UniqueIdentifier>
    </Filter>
    <Filter Include="Games\CaptainForever">
      <UniqueIdentifier>{a3d9a2fe-af2d-4e9f-8952-b9d77f548035}</UniqueIdentifier>
    </Filter>
    <Filter Include="Games\CaptainForever\Player">
      <UniqueIdentifier>{18e317fa-8c33-46ee-9335-99f2c084a626}</UniqueIdentifier>
    </Filter>
    <Filter Include="Games\CaptainForever\Character">
      <UniqueIdentifier>{4c94a3ba-439b-4594-a9e3-4bde6aa7651e}</UniqueIdentifier>
    </Filter>
    <Filter Include="Games\CaptainForever\Parts">
      <UniqueIdentifier>{12bd7c26-f14e-4d3f-b934-6e3c3064d722}</UniqueIdentifier>
    </Filter>
    <Filter Include="Games\CaptainForever\Parts\Girder">
      <UniqueIdentifier>{872e9a6c-2d67-4cf6-8a1e-6874b6d9fc1e}</UniqueIdentifier>
    </Filter>
    <Filter Include="Games\CaptainForever\Parts\Laser">
      <UniqueIdentifier>{da7ba207-5dfd-4ef7-aec5-6141ab6e673e}</UniqueIdentifier>
    </Filter>
    <Filter Include="Games\CaptainForever\Parts\Booster">
      <UniqueIdentifier>{cadf66df-5c09-4df5-95a6-bf18013c9064}</UniqueIdentifier>
    </Filter>
    <Filter Include="Games\CaptainForever\Parts\CommandModule">
      <UniqueIdentifier>{87b910d1-a9cb-4e08-ac76-5173ada63beb}</UniqueIdentifier>
    </Filter>
    <Filter Include="Games\CaptainForever\KeyController">
      <UniqueIdentifier>{db508137-142a-4458-9f9e-95dda9195a35}</UniqueIdentifier>
    </Filter>
    <Filter Include="Games\CaptainForever\CameraFollower">
      <UniqueIdentifier>{a6d5108b-55ae-4a6f-8eb2-ed67941f05f0}</UniqueIdentifier>
    </Filter>
    <Filter Include="Functions">
      <UniqueIdentifier>{1ab025ea-1022-42d7-81b4-161fc04c9e9f}</UniqueIdentifier>
    </Filter>
    <Filter Include="Functions\MouseCollision2D">
      <UniqueIdentifier>{9f520fff-4404-4584-866d-cd8684d21016}</UniqueIdentifier>
    </Filter>
    <Filter Include="Games\CaptainForever\GameManager">
      <UniqueIdentifier>{6662231c-9fee-4e3d-bad0-3bbef1e43f51}</UniqueIdentifier>
    </Filter>
    <Filter Include="Games\CaptainForever\Container">
      <UniqueIdentifier>{6f6960f4-e3f6-404b-bf75-010024f8d881}</UniqueIdentifier>
    </Filter>
    <Filter Include="Games\CaptainForever\DragAndDrop">
      <UniqueIdentifier>{6c750901-f624-4e09-94d8-77cf5421586a}</UniqueIdentifier>
    </Filter>
    <Filter Include="Games\CaptainForever\Managers">
      <UniqueIdentifier>{6ad62205-88da-4752-aa21-3f560b3dc8a0}</UniqueIdentifier>
    </Filter>
    <Filter Include="Games\NewFilter1">
      <UniqueIdentifier>{e3772861-ddce-441a-a3f8-87294334fecd}</UniqueIdentifier>
    </Filter>
    <Filter Include="Games\Test">
      <UniqueIdentifier>{c6bc385e-f995-46a6-b3f1-d5359d22b77b}</UniqueIdentifier>
    </Filter>
    <Filter Include="Games\Useful">
      <UniqueIdentifier>{c7f3242e-9905-4cbe-bed3-e52be3419b17}</UniqueIdentifier>
    </Filter>
    <Filter Include="Games\Butcher">
      <UniqueIdentifier>{046c575a-8515-4f12-a38c-7e2b9dc19808}</UniqueIdentifier>
    </Filter>
    <Filter Include="Cursor">
      <UniqueIdentifier>{27f17699-f737-44bc-9d21-380190e51a52}</UniqueIdentifier>
    </Filter>
    <Filter Include="Games\Butcher\Manager">
      <UniqueIdentifier>{03451aa9-29bd-49e6-bb6d-c3ececc19af5}</UniqueIdentifier>
    </Filter>
    <Filter Include="Games\Butcher\Etc">
      <UniqueIdentifier>{48a9d6a7-55bd-4efc-9106-1dcf837a5d1b}</UniqueIdentifier>
    </Filter>
    <Filter Include="Games\Butcher\MainScene">
      <UniqueIdentifier>{9a3abbea-5606-49b7-80c2-d72672427102}</UniqueIdentifier>
    </Filter>
    <Filter Include="Games\Butcher\MainScene\UI">
      <UniqueIdentifier>{6d58d5ce-69fd-4574-a34e-f2b609c44c8f}</UniqueIdentifier>
    </Filter>
    <Filter Include="Games\Butcher\InGames">
      <UniqueIdentifier>{dff95274-d840-429d-ba7c-6f8331ee041e}</UniqueIdentifier>
    </Filter>
    <Filter Include="Games\Butcher\InGames\Character">
      <UniqueIdentifier>{b0a4a08a-b8f5-4107-9f32-0e07b98e45de}</UniqueIdentifier>
    </Filter>
    <Filter Include="Games\Butcher\InGames\Ground">
      <UniqueIdentifier>{dd256cbf-c3e8-4086-933f-cf3fca6797bc}</UniqueIdentifier>
    </Filter>
    <Filter Include="Games\Butcher\InGames\Button">
      <UniqueIdentifier>{f76ef961-b5b4-40b7-bcf5-d47d5de380ad}</UniqueIdentifier>
    </Filter>
    <Filter Include="Games\Butcher\InGames\InteractiveObj">
      <UniqueIdentifier>{708af93b-2b2f-41dd-9e26-7eacd52ebc3c}</UniqueIdentifier>
    </Filter>
    <Filter Include="Games\Butcher\InGames\Weapon">
      <UniqueIdentifier>{f6c7872d-fa22-40be-8ead-3a3f4421c689}</UniqueIdentifier>
    </Filter>
    <Filter Include="Games\Butcher\InGames\Item">
      <UniqueIdentifier>{a36c0966-8d49-4964-b0bd-47121f358c76}</UniqueIdentifier>
    </Filter>
    <Filter Include="Games\Butcher\InGames\Bullets">
      <UniqueIdentifier>{c8b3c528-0cfd-4575-b83d-94e91b00a0f9}</UniqueIdentifier>
    </Filter>
    <Filter Include="Games\Butcher\InGames\Activator">
      <UniqueIdentifier>{2ad77282-bd93-46a3-9f0b-19b73aa72ae6}</UniqueIdentifier>
    </Filter>
  </ItemGroup>
  <ItemGroup>
    <ClInclude Include="CBulletScript_sh.h">
      <Filter>Games\ShootingGame</Filter>
    </ClInclude>
    <ClInclude Include="CEnemyRespawnerScript_sh.h">
      <Filter>Games\ShootingGame</Filter>
    </ClInclude>
    <ClInclude Include="CEnemyScript_sh.h">
      <Filter>Games\ShootingGame</Filter>
    </ClInclude>
    <ClInclude Include="CGameManagerScript_sh.h">
      <Filter>Games\ShootingGame</Filter>
    </ClInclude>
    <ClInclude Include="CPlayerScript_sh.h">
      <Filter>Games\ShootingGame</Filter>
    </ClInclude>
    <ClInclude Include="framework.h">
      <Filter>Default</Filter>
    </ClInclude>
    <ClInclude Include="pch.h">
      <Filter>Default</Filter>
    </ClInclude>
    <ClInclude Include="CScriptMgr.h">
      <Filter>ScriptManager</Filter>
    </ClInclude>
    <ClInclude Include="CCharacterScript_ca.h">
      <Filter>Games\CaptainForever\Character</Filter>
    </ClInclude>
    <ClInclude Include="CPlayerScript_ca.h">
      <Filter>Games\CaptainForever\Player</Filter>
    </ClInclude>
    <ClInclude Include="CModuleScript_ca.h">
      <Filter>Games\CaptainForever\Parts</Filter>
    </ClInclude>
    <ClInclude Include="CGirderScript_ca.h">
      <Filter>Games\CaptainForever\Parts\Girder</Filter>
    </ClInclude>
    <ClInclude Include="CLaserScript_ca.h">
      <Filter>Games\CaptainForever\Parts\Laser</Filter>
    </ClInclude>
    <ClInclude Include="CBoosterScript_ca.h">
      <Filter>Games\CaptainForever\Parts\Booster</Filter>
    </ClInclude>
    <ClInclude Include="CCommandModuleScript_ca.h">
      <Filter>Games\CaptainForever\Parts\CommandModule</Filter>
    </ClInclude>
    <ClInclude Include="CKeyControllerScript_ca.h">
      <Filter>Games\CaptainForever\KeyController</Filter>
    </ClInclude>
    <ClInclude Include="CGameManager_ca.h">
      <Filter>Games\CaptainForever\GameManager</Filter>
    </ClInclude>
    <ClInclude Include="CManagerContainer_ca.h">
      <Filter>Games\CaptainForever\Container</Filter>
    </ClInclude>
    <ClInclude Include="CGirder1x2Script_ca.h">
      <Filter>Games\CaptainForever\Parts\Girder</Filter>
    </ClInclude>
    <ClInclude Include="CObjectDragAndDropScript_ca.h">
      <Filter>Games\CaptainForever\DragAndDrop</Filter>
    </ClInclude>
    <ClInclude Include="CModuleCreator_ca.h">
      <Filter>Games\CaptainForever\Managers</Filter>
    </ClInclude>
    <ClInclude Include="CTestLight2DScript.h">
      <Filter>Games\Test</Filter>
    </ClInclude>
    <ClInclude Include="CCameraFollowerScript.h">
      <Filter>Games\Useful</Filter>
    </ClInclude>
    <ClInclude Include="CColliderTestScript.h">
      <Filter>Games\Test</Filter>
    </ClInclude>
    <ClInclude Include="CRotateZScript.h">
      <Filter>Games\Useful</Filter>
    </ClInclude>
    <ClInclude Include="CLookAtScript.h">
      <Filter>Games\Useful</Filter>
    </ClInclude>
    <ClInclude Include="CPostProcessingScript.h" />
    <ClInclude Include="CCursorScript.h">
      <Filter>Games\Useful</Filter>
    </ClInclude>
    <ClInclude Include="CCharacter_bu.h">
      <Filter>Games\Butcher\InGames\Character</Filter>
    </ClInclude>
    <ClInclude Include="CCursor_bu.h">
      <Filter>Games\Butcher\Etc</Filter>
    </ClInclude>
    <ClInclude Include="CPlayerController_bu.h">
      <Filter>Games\Butcher\InGames\Character</Filter>
    </ClInclude>
    <ClInclude Include="CUIManager_bu.h">
      <Filter>Games\Butcher\Manager</Filter>
    </ClInclude>
    <ClInclude Include="CGameManager_bu.h">
      <Filter>Games\Butcher\Manager</Filter>
    </ClInclude>
    <ClInclude Include="CUIContainer_bu.h">
      <Filter>Games\Butcher\Manager</Filter>
    </ClInclude>
    <ClInclude Include="CInGamePanel_bu.h">
      <Filter>Games\Butcher\MainScene\UI</Filter>
    </ClInclude>
    <ClInclude Include="CMainPanel_bu.h">
      <Filter>Games\Butcher\MainScene\UI</Filter>
    </ClInclude>
    <ClInclude Include="CLookAt2DScript.h">
      <Filter>Games\Useful</Filter>
    </ClInclude>
    <ClInclude Include="CGround_bu.h">
      <Filter>Games\Butcher\InGames\Ground</Filter>
    </ClInclude>
    <ClInclude Include="CInteractiveObj_bu.h">
      <Filter>Games\Butcher\InGames\InteractiveObj</Filter>
    </ClInclude>
    <ClInclude Include="CSwitch_bu.h">
      <Filter>Games\Butcher\InGames\InteractiveObj</Filter>
    </ClInclude>
    <ClInclude Include="CWeapon_bu.h">
      <Filter>Games\Butcher\InGames\Weapon</Filter>
    </ClInclude>
    <ClInclude Include="CItem_bu.h">
      <Filter>Games\Butcher\InGames\Item</Filter>
    </ClInclude>
    <ClInclude Include="CSparkParticle_bu.h">
      <Filter>Games\Butcher\InGames</Filter>
    </ClInclude>
    <ClInclude Include="CEnemyController_bu.h">
      <Filter>Games\Butcher\InGames\Character</Filter>
    </ClInclude>
    <ClInclude Include="CWayPoint_bu.h">
      <Filter>Games\Butcher\InGames</Filter>
    </ClInclude>
    <ClInclude Include="CDoor_bu.h">
      <Filter>Games\Butcher\InGames\InteractiveObj</Filter>
    </ClInclude>
    <ClInclude Include="CElevator_bu.h">
      <Filter>Games\Butcher\InGames\InteractiveObj</Filter>
    </ClInclude>
    <ClInclude Include="CItemHp_bu.h">
      <Filter>Games\Butcher\InGames\Item</Filter>
    </ClInclude>
    <ClInclude Include="CItemArmor_bu.h">
      <Filter>Games\Butcher\InGames\Item</Filter>
    </ClInclude>
    <ClInclude Include="CItemWeapon_bu.h">
      <Filter>Games\Butcher\InGames\Item</Filter>
    </ClInclude>
    <ClInclude Include="CItemBullet_bu.h">
      <Filter>Games\Butcher\InGames\Item</Filter>
    </ClInclude>
    <ClInclude Include="CMouseLookAt_bu.h">
      <Filter>Games\Butcher\InGames</Filter>
    </ClInclude>
    <ClInclude Include="CBullet_bu.h">
      <Filter>Games\Butcher\InGames\Bullets</Filter>
    </ClInclude>
    <ClInclude Include="CMuzzleParticle_bu.h">
      <Filter>Games\Butcher\InGames</Filter>
    </ClInclude>
    <ClInclude Include="CEventFuncTest.h" />
    <ClInclude Include="CObjectManager_bu.h">
      <Filter>Games\Butcher\InGames</Filter>
    </ClInclude>
    <ClInclude Include="CTargetLookAt_bu.h">
      <Filter>Games\Butcher\InGames</Filter>
    </ClInclude>
    <ClInclude Include="CActivator_bu.h">
      <Filter>Games\Butcher\InGames\Activator</Filter>
    </ClInclude>
    <ClInclude Include="CActivatorController.h">
      <Filter>Games\Butcher\InGames\Activator</Filter>
    </ClInclude>
    <ClInclude Include="CDeactivator_bu.h">
      <Filter>Games\Butcher\InGames\Activator</Filter>
    </ClInclude>
    <ClInclude Include="CRespawnManager_bu.h">
      <Filter>Games\Butcher\InGames</Filter>
    </ClInclude>
    <ClInclude Include="CGroundCheck_bu.h">
      <Filter>Games\Butcher\InGames</Filter>
    </ClInclude>
    <ClInclude Include="CExitDoor_bu.h">
      <Filter>Games\Butcher\InGames\InteractiveObj</Filter>
    </ClInclude>
    <ClInclude Include="CExitDoorEndCol_bu.h">
      <Filter>Games\Butcher\InGames\InteractiveObj</Filter>
    </ClInclude>
    <ClInclude Include="CExplosion_bu.h">
      <Filter>Games\Butcher\InGames</Filter>
    </ClInclude>
    <ClInclude Include="CBulletBouncingParticle_bu.h">
      <Filter>Games\Butcher\InGames</Filter>
    </ClInclude>
    <ClInclude Include="CRigidbody2DTestScript.h" />
  </ItemGroup>
  <ItemGroup>
    <ClCompile Include="CBulletScript_sh.cpp">
      <Filter>Games\ShootingGame</Filter>
    </ClCompile>
    <ClCompile Include="CEnemyRespawnerScript_sh.cpp">
      <Filter>Games\ShootingGame</Filter>
    </ClCompile>
    <ClCompile Include="CEnemyScript_sh.cpp">
      <Filter>Games\ShootingGame</Filter>
    </ClCompile>
    <ClCompile Include="CGameManagerScript_sh.cpp">
      <Filter>Games\ShootingGame</Filter>
    </ClCompile>
    <ClCompile Include="CPlayerScript_sh.cpp">
      <Filter>Games\ShootingGame</Filter>
    </ClCompile>
    <ClCompile Include="pch.cpp">
      <Filter>Default</Filter>
    </ClCompile>
    <ClCompile Include="Script.cpp">
      <Filter>Default</Filter>
    </ClCompile>
    <ClCompile Include="CScriptMgr.cpp">
      <Filter>ScriptManager</Filter>
    </ClCompile>
    <ClCompile Include="CCharacterScript_ca.cpp">
      <Filter>Games\CaptainForever\Character</Filter>
    </ClCompile>
    <ClCompile Include="CPlayerScript_ca.cpp">
      <Filter>Games\CaptainForever\Player</Filter>
    </ClCompile>
    <ClCompile Include="CModuleScript_ca.cpp">
      <Filter>Games\CaptainForever\Parts</Filter>
    </ClCompile>
    <ClCompile Include="CGirderScript_ca.cpp">
      <Filter>Games\CaptainForever\Parts\Girder</Filter>
    </ClCompile>
    <ClCompile Include="CLaserScript_ca.cpp">
      <Filter>Games\CaptainForever\Parts\Laser</Filter>
    </ClCompile>
    <ClCompile Include="CBoosterScript_ca.cpp">
      <Filter>Games\CaptainForever\Parts\Booster</Filter>
    </ClCompile>
    <ClCompile Include="CCommandModuleScript_ca.cpp">
      <Filter>Games\CaptainForever\Parts\CommandModule</Filter>
    </ClCompile>
    <ClCompile Include="CKeyControllerScript_ca.cpp">
      <Filter>Games\CaptainForever\KeyController</Filter>
    </ClCompile>
    <ClCompile Include="CGameManager_ca.cpp">
      <Filter>Games\CaptainForever\GameManager</Filter>
    </ClCompile>
    <ClCompile Include="CManagerContainer_ca.cpp">
      <Filter>Games\CaptainForever\Container</Filter>
    </ClCompile>
    <ClCompile Include="CGirder1x2Script_ca.cpp">
      <Filter>Games\CaptainForever\Parts\Girder</Filter>
    </ClCompile>
    <ClCompile Include="CObjectDragAndDropScript_ca.cpp">
      <Filter>Games\CaptainForever\DragAndDrop</Filter>
    </ClCompile>
    <ClCompile Include="CModuleCreator_ca.cpp">
      <Filter>Games\CaptainForever\Managers</Filter>
    </ClCompile>
    <ClCompile Include="CTestLight2DScript.cpp">
      <Filter>Games\Test</Filter>
    </ClCompile>
    <ClCompile Include="CCameraFollowerScript.cpp">
      <Filter>Games\Useful</Filter>
    </ClCompile>
    <ClCompile Include="CColliderTestScript.cpp">
      <Filter>Games\Test</Filter>
    </ClCompile>
    <ClCompile Include="CLookAtScript.cpp">
      <Filter>Games\Useful</Filter>
    </ClCompile>
    <ClCompile Include="CRotateZScript.cpp">
      <Filter>Games\Useful</Filter>
    </ClCompile>
    <ClCompile Include="CPostProcessingScript.cpp" />
    <ClCompile Include="CCursorScript.cpp">
      <Filter>Games\Useful</Filter>
    </ClCompile>
    <ClCompile Include="CCharacter_bu.cpp">
      <Filter>Games\Butcher\InGames\Character</Filter>
    </ClCompile>
    <ClCompile Include="CCursor_bu.cpp">
      <Filter>Games\Butcher\Etc</Filter>
    </ClCompile>
    <ClCompile Include="CPlayerController_bu.cpp">
      <Filter>Games\Butcher\InGames\Character</Filter>
    </ClCompile>
    <ClCompile Include="CUIManager_bu.cpp">
      <Filter>Games\Butcher\Manager</Filter>
    </ClCompile>
    <ClCompile Include="CGameManager_bu.cpp">
      <Filter>Games\Butcher\Manager</Filter>
    </ClCompile>
    <ClCompile Include="CUIContainer_bu.cpp">
      <Filter>Games\Butcher\Manager</Filter>
    </ClCompile>
    <ClCompile Include="CInGamePanel_bu.cpp">
      <Filter>Games\Butcher\MainScene\UI</Filter>
    </ClCompile>
    <ClCompile Include="CMainPanel_bu.cpp">
      <Filter>Games\Butcher\MainScene\UI</Filter>
    </ClCompile>
    <ClCompile Include="CLookAt2DScript.cpp">
      <Filter>Games\Useful</Filter>
    </ClCompile>
    <ClCompile Include="CGround_bu.cpp">
      <Filter>Games\Butcher\InGames\Ground</Filter>
    </ClCompile>
    <ClCompile Include="CInteractiveObj_bu.cpp">
      <Filter>Games\Butcher\InGames\InteractiveObj</Filter>
    </ClCompile>
    <ClCompile Include="CSwitch_bu.cpp">
      <Filter>Games\Butcher\InGames\InteractiveObj</Filter>
    </ClCompile>
    <ClCompile Include="CWeapon_bu.cpp">
      <Filter>Games\Butcher\InGames\Weapon</Filter>
    </ClCompile>
    <ClCompile Include="CItem_bu.cpp">
      <Filter>Games\Butcher\InGames\Item</Filter>
    </ClCompile>
    <ClCompile Include="CSparkParticle_bu.cpp">
      <Filter>Games\Butcher\InGames</Filter>
    </ClCompile>
    <ClCompile Include="CEnemyController_bu.cpp">
      <Filter>Games\Butcher\InGames\Character</Filter>
    </ClCompile>
    <ClCompile Include="CWayPoint_bu.cpp">
      <Filter>Games\Butcher\InGames</Filter>
    </ClCompile>
    <ClCompile Include="CDoor_bu.cpp">
      <Filter>Games\Butcher\InGames\InteractiveObj</Filter>
    </ClCompile>
    <ClCompile Include="CElevator_bu.cpp">
      <Filter>Games\Butcher\InGames\InteractiveObj</Filter>
    </ClCompile>
    <ClCompile Include="CItemHp_bu.cpp">
      <Filter>Games\Butcher\InGames\Item</Filter>
    </ClCompile>
    <ClCompile Include="CItemArmor_bu.cpp">
      <Filter>Games\Butcher\InGames\Item</Filter>
    </ClCompile>
    <ClCompile Include="CItemBullet_bu.cpp">
      <Filter>Games\Butcher\InGames\Item</Filter>
    </ClCompile>
    <ClCompile Include="CItemWeapon_bu.cpp">
      <Filter>Games\Butcher\InGames\Item</Filter>
    </ClCompile>
    <ClCompile Include="CMouseLookAt_bu.cpp">
      <Filter>Games\Butcher\InGames</Filter>
    </ClCompile>
    <ClCompile Include="CBullet_bu.cpp">
      <Filter>Games\Butcher\InGames\Bullets</Filter>
    </ClCompile>
    <ClCompile Include="CMuzzleParticle_bu.cpp">
      <Filter>Games\Butcher\InGames</Filter>
    </ClCompile>
    <ClCompile Include="CEventFuncTest.cpp" />
    <ClCompile Include="CObjectManager_bu.cpp">
      <Filter>Games\Butcher\InGames</Filter>
    </ClCompile>
    <ClCompile Include="CTargetLookAt_bu.cpp">
      <Filter>Games\Butcher\InGames</Filter>
    </ClCompile>
    <ClCompile Include="CActivator_bu.cpp">
      <Filter>Games\Butcher\InGames\Activator</Filter>
    </ClCompile>
    <ClCompile Include="CActivatorController.cpp">
      <Filter>Games\Butcher\InGames\Activator</Filter>
    </ClCompile>
    <ClCompile Include="CDeactivator_bu.cpp">
      <Filter>Games\Butcher\InGames\Activator</Filter>
    </ClCompile>
    <ClCompile Include="CRespawnManager_bu.cpp">
      <Filter>Games\Butcher\InGames</Filter>
    </ClCompile>
    <ClCompile Include="CGroundCheck_bu.cpp">
      <Filter>Games\Butcher\InGames</Filter>
    </ClCompile>
    <ClCompile Include="CExitDoor_bu.cpp">
      <Filter>Games\Butcher\InGames\InteractiveObj</Filter>
    </ClCompile>
    <ClCompile Include="CExitDoorEndCol_bu.cpp">
      <Filter>Games\Butcher\InGames\InteractiveObj</Filter>
    </ClCompile>
    <ClCompile Include="CExplosion_bu.cpp">
      <Filter>Games\Butcher\InGames</Filter>
    </ClCompile>
    <ClCompile Include="CBulletBouncingParticle_bu.cpp">
      <Filter>Games\Butcher\InGames</Filter>
    </ClCompile>
    <ClCompile Include="CRigidbody2DTestScript.cpp" />
  </ItemGroup>
</Project>