<?xml version="1.0" encoding="utf-8"?>
<Project ToolsVersion="4.0" xmlns="http://schemas.microsoft.com/developer/msbuild/2003">
  <ItemGroup>
    <Filter Include="ShootingGame">
      <UniqueIdentifier>{1c677d58-07fe-4c84-9c04-a81f77ef9d30}</UniqueIdentifier>
    </Filter>
    <Filter Include="Default">
      <UniqueIdentifier>{220db417-dec2-4b0d-bd27-4b19be930f4b}</UniqueIdentifier>
    </Filter>
    <Filter Include="ScriptManager">
      <UniqueIdentifier>{88a62faf-3187-4273-a5d4-c3d62f210f56}</UniqueIdentifier>
    </Filter>
  </ItemGroup>
  <ItemGroup>
    <ClInclude Include="CTestLight2DScript.h">
      <Filter>ShootingGame</Filter>
    </ClInclude>
    <ClInclude Include="CBulletScript_sh.h">
      <Filter>ShootingGame</Filter>
    </ClInclude>
    <ClInclude Include="CEnemyRespawnerScript_sh.h">
      <Filter>ShootingGame</Filter>
    </ClInclude>
    <ClInclude Include="CEnemyScript_sh.h">
      <Filter>ShootingGame</Filter>
    </ClInclude>
    <ClInclude Include="CGameManagerScript_sh.h">
      <Filter>ShootingGame</Filter>
    </ClInclude>
    <ClInclude Include="CPlayerScript_sh.h">
      <Filter>ShootingGame</Filter>
    </ClInclude>
    <ClInclude Include="framework.h">
      <Filter>Default</Filter>
    </ClInclude>
    <ClInclude Include="pch.h">
      <Filter>Default</Filter>
    </ClInclude>
    <ClInclude Include="CScriptMgr.h">
      <Filter>ScriptManager</Filter>
    </ClInclude>
    <ClInclude Include="CRotateZScript.h" />
  </ItemGroup>
  <ItemGroup>
    <ClCompile Include="CTestLight2DScript.cpp">
      <Filter>ShootingGame</Filter>
    </ClCompile>
    <ClCompile Include="CBulletScript_sh.cpp">
      <Filter>ShootingGame</Filter>
    </ClCompile>
    <ClCompile Include="CEnemyRespawnerScript_sh.cpp">
      <Filter>ShootingGame</Filter>
    </ClCompile>
    <ClCompile Include="CEnemyScript_sh.cpp">
      <Filter>ShootingGame</Filter>
    </ClCompile>
    <ClCompile Include="CGameManagerScript_sh.cpp">
      <Filter>ShootingGame</Filter>
    </ClCompile>
    <ClCompile Include="CPlayerScript_sh.cpp">
      <Filter>ShootingGame</Filter>
    </ClCompile>
    <ClCompile Include="pch.cpp">
      <Filter>Default</Filter>
    </ClCompile>
    <ClCompile Include="Script.cpp">
      <Filter>Default</Filter>
    </ClCompile>
    <ClCompile Include="CScriptMgr.cpp">
      <Filter>ScriptManager</Filter>
    </ClCompile>
    <ClCompile Include="CRotateZScript.cpp" />
  </ItemGroup>
</Project>