<?xml version="1.0" encoding="utf-8"?>
<Project ToolsVersion="4.0" xmlns="http://schemas.microsoft.com/developer/msbuild/2003">
  <ItemGroup>
    <Filter Include="Default">
      <UniqueIdentifier>{220db417-dec2-4b0d-bd27-4b19be930f4b}</UniqueIdentifier>
    </Filter>
    <Filter Include="ScriptManager">
      <UniqueIdentifier>{88a62faf-3187-4273-a5d4-c3d62f210f56}</UniqueIdentifier>
    </Filter>
    <Filter Include="Games">
      <UniqueIdentifier>{50d6400e-7abc-492d-ac0f-1ae5db7fee46}</UniqueIdentifier>
    </Filter>
    <Filter Include="Games\ShootingGame">
      <UniqueIdentifier>{1c677d58-07fe-4c84-9c04-a81f77ef9d30}</UniqueIdentifier>
    </Filter>
    <Filter Include="Games\CaptainForever">
      <UniqueIdentifier>{a3d9a2fe-af2d-4e9f-8952-b9d77f548035}</UniqueIdentifier>
    </Filter>
    <Filter Include="Games\Dummy">
      <UniqueIdentifier>{59c555e8-2dfb-470b-99ea-3875d18b00e5}</UniqueIdentifier>
    </Filter>
    <Filter Include="Games\CaptainForever\Player">
      <UniqueIdentifier>{18e317fa-8c33-46ee-9335-99f2c084a626}</UniqueIdentifier>
    </Filter>
    <Filter Include="Games\CaptainForever\Character">
      <UniqueIdentifier>{4c94a3ba-439b-4594-a9e3-4bde6aa7651e}</UniqueIdentifier>
    </Filter>
    <Filter Include="Games\CaptainForever\Parts">
      <UniqueIdentifier>{12bd7c26-f14e-4d3f-b934-6e3c3064d722}</UniqueIdentifier>
    </Filter>
    <Filter Include="Games\CaptainForever\Parts\Girder">
      <UniqueIdentifier>{872e9a6c-2d67-4cf6-8a1e-6874b6d9fc1e}</UniqueIdentifier>
    </Filter>
    <Filter Include="Games\CaptainForever\Parts\Laser">
      <UniqueIdentifier>{da7ba207-5dfd-4ef7-aec5-6141ab6e673e}</UniqueIdentifier>
    </Filter>
    <Filter Include="Games\CaptainForever\Parts\Booster">
      <UniqueIdentifier>{cadf66df-5c09-4df5-95a6-bf18013c9064}</UniqueIdentifier>
    </Filter>
    <Filter Include="Games\CaptainForever\Parts\CommandModule">
      <UniqueIdentifier>{87b910d1-a9cb-4e08-ac76-5173ada63beb}</UniqueIdentifier>
    </Filter>
  </ItemGroup>
  <ItemGroup>
    <ClInclude Include="CTestLight2DScript.h">
      <Filter>Games\ShootingGame</Filter>
    </ClInclude>
    <ClInclude Include="CBulletScript_sh.h">
      <Filter>Games\ShootingGame</Filter>
    </ClInclude>
    <ClInclude Include="CEnemyRespawnerScript_sh.h">
      <Filter>Games\ShootingGame</Filter>
    </ClInclude>
    <ClInclude Include="CEnemyScript_sh.h">
      <Filter>Games\ShootingGame</Filter>
    </ClInclude>
    <ClInclude Include="CGameManagerScript_sh.h">
      <Filter>Games\ShootingGame</Filter>
    </ClInclude>
    <ClInclude Include="CPlayerScript_sh.h">
      <Filter>Games\ShootingGame</Filter>
    </ClInclude>
    <ClInclude Include="framework.h">
      <Filter>Default</Filter>
    </ClInclude>
    <ClInclude Include="pch.h">
      <Filter>Default</Filter>
    </ClInclude>
    <ClInclude Include="CScriptMgr.h">
      <Filter>ScriptManager</Filter>
    </ClInclude>
    <ClInclude Include="CRotateZScript.h" />
    <ClInclude Include="CObjectDragAndDropScript_ca.h">
      <Filter>Games\CaptainForever</Filter>
    </ClInclude>
    <ClInclude Include="CObjectDragAndDrop_ca.h">
      <Filter>Games\Dummy</Filter>
    </ClInclude>
    <ClInclude Include="CCharacterScript_ca.h">
      <Filter>Games\CaptainForever\Character</Filter>
    </ClInclude>
    <ClInclude Include="CPlayerScript_ca.h">
      <Filter>Games\CaptainForever\Player</Filter>
    </ClInclude>
    <ClInclude Include="CModuleScript_ca.h">
      <Filter>Games\CaptainForever\Parts</Filter>
    </ClInclude>
    <ClInclude Include="CGirderScript_ca.h">
      <Filter>Games\CaptainForever\Parts\Girder</Filter>
    </ClInclude>
    <ClInclude Include="CLaserScript_ca.h">
      <Filter>Games\CaptainForever\Parts\Laser</Filter>
    </ClInclude>
    <ClInclude Include="CBoosterScript_ca.h">
      <Filter>Games\CaptainForever\Parts\Booster</Filter>
    </ClInclude>
    <ClInclude Include="CCommandModuleScript_ca.h">
      <Filter>Games\CaptainForever\Parts\CommandModule</Filter>
    </ClInclude>
  </ItemGroup>
  <ItemGroup>
    <ClCompile Include="CTestLight2DScript.cpp">
      <Filter>Games\ShootingGame</Filter>
    </ClCompile>
    <ClCompile Include="CBulletScript_sh.cpp">
      <Filter>Games\ShootingGame</Filter>
    </ClCompile>
    <ClCompile Include="CEnemyRespawnerScript_sh.cpp">
      <Filter>Games\ShootingGame</Filter>
    </ClCompile>
    <ClCompile Include="CEnemyScript_sh.cpp">
      <Filter>Games\ShootingGame</Filter>
    </ClCompile>
    <ClCompile Include="CGameManagerScript_sh.cpp">
      <Filter>Games\ShootingGame</Filter>
    </ClCompile>
    <ClCompile Include="CPlayerScript_sh.cpp">
      <Filter>Games\ShootingGame</Filter>
    </ClCompile>
    <ClCompile Include="pch.cpp">
      <Filter>Default</Filter>
    </ClCompile>
    <ClCompile Include="Script.cpp">
      <Filter>Default</Filter>
    </ClCompile>
    <ClCompile Include="CScriptMgr.cpp">
      <Filter>ScriptManager</Filter>
    </ClCompile>
    <ClCompile Include="CRotateZScript.cpp" />
    <ClCompile Include="CObjectDragAndDropScript_ca.cpp">
      <Filter>Games\CaptainForever</Filter>
    </ClCompile>
    <ClCompile Include="CObjectDragAndDrop_ca.cpp">
      <Filter>Games\Dummy</Filter>
    </ClCompile>
    <ClCompile Include="CCharacterScript_ca.cpp">
      <Filter>Games\CaptainForever\Character</Filter>
    </ClCompile>
    <ClCompile Include="CPlayerScript_ca.cpp">
      <Filter>Games\CaptainForever\Player</Filter>
    </ClCompile>
    <ClCompile Include="CModuleScript_ca.cpp">
      <Filter>Games\CaptainForever\Parts</Filter>
    </ClCompile>
    <ClCompile Include="CGirderScript_ca.cpp">
      <Filter>Games\CaptainForever\Parts\Girder</Filter>
    </ClCompile>
    <ClCompile Include="CLaserScript_ca.cpp">
      <Filter>Games\CaptainForever\Parts\Laser</Filter>
    </ClCompile>
    <ClCompile Include="CBoosterScript_ca.cpp">
      <Filter>Games\CaptainForever\Parts\Booster</Filter>
    </ClCompile>
    <ClCompile Include="CCommandModuleScript_ca.cpp">
      <Filter>Games\CaptainForever\Parts\CommandModule</Filter>
    </ClCompile>
  </ItemGroup>
</Project>