<?xml version="1.0" encoding="utf-8"?>
<Project ToolsVersion="4.0" xmlns="http://schemas.microsoft.com/developer/msbuild/2003">
  <ItemGroup>
    <ClInclude Include="pch.h">
      <Filter>Default</Filter>
    </ClInclude>
    <ClInclude Include="framework.h">
      <Filter>Default</Filter>
    </ClInclude>
    <ClInclude Include="CCore.h">
      <Filter>Engine\02. Core</Filter>
    </ClInclude>
    <ClInclude Include="Static_Func.h">
      <Filter>Engine\01. Header</Filter>
    </ClInclude>
    <ClInclude Include="CSingleton.h">
      <Filter>Engine\01. Header</Filter>
    </ClInclude>
    <ClInclude Include="Define.h">
      <Filter>Engine\01. Header</Filter>
    </ClInclude>
    <ClInclude Include="Global.h">
      <Filter>Engine\01. Header</Filter>
    </ClInclude>
    <ClInclude Include="CKeyManager.h">
      <Filter>Engine\04. Manager</Filter>
    </ClInclude>
    <ClInclude Include="CPathManager.h">
      <Filter>Engine\04. Manager</Filter>
    </ClInclude>
    <ClInclude Include="CTimeManager.h">
      <Filter>Engine\04. Manager</Filter>
    </ClInclude>
    <ClInclude Include="Tools.h">
      <Filter>Engine\Support</Filter>
    </ClInclude>
    <ClInclude Include="StringTable.h">
      <Filter>Engine\01. Header</Filter>
    </ClInclude>
    <ClInclude Include="CDevice.h">
      <Filter>Engine\03. Device</Filter>
    </ClInclude>
    <ClInclude Include="..\..\..\..\AssortrockDx2D\Project\Engine\SimpleMath.h">
      <Filter>Engine\Support</Filter>
    </ClInclude>
    <ClInclude Include="RenderTest.h">
      <Filter>Engine</Filter>
    </ClInclude>
  </ItemGroup>
  <ItemGroup>
    <ClCompile Include="pch.cpp">
      <Filter>Default</Filter>
    </ClCompile>
    <ClCompile Include="StaticLib.cpp">
      <Filter>Default</Filter>
    </ClCompile>
    <ClCompile Include="CCore.cpp">
      <Filter>Engine\02. Core</Filter>
    </ClCompile>
    <ClCompile Include="Static_Func.cpp">
      <Filter>Engine\01. Header</Filter>
    </ClCompile>
    <ClCompile Include="CKeyManager.cpp">
      <Filter>Engine\04. Manager</Filter>
    </ClCompile>
    <ClCompile Include="CPathManager.cpp">
      <Filter>Engine\04. Manager</Filter>
    </ClCompile>
    <ClCompile Include="CTimeManager.cpp">
      <Filter>Engine\04. Manager</Filter>
    </ClCompile>
    <ClCompile Include="Tools.cpp">
      <Filter>Engine\Support</Filter>
    </ClCompile>
    <ClCompile Include="CDevice.cpp">
      <Filter>Engine\03. Device</Filter>
    </ClCompile>
    <ClCompile Include="RenderTest.cpp">
      <Filter>Engine</Filter>
    </ClCompile>
  </ItemGroup>
  <ItemGroup>
    <Filter Include="Default">
      <UniqueIdentifier>{8c5b9564-e8a2-4c1e-92e2-6751b60ee1ba}</UniqueIdentifier>
    </Filter>
    <Filter Include="Engine">
      <UniqueIdentifier>{f7bf72fb-2861-417f-b952-57dc2b369907}</UniqueIdentifier>
    </Filter>
    <Filter Include="Engine\04. Manager">
      <UniqueIdentifier>{091ae4fb-3527-4720-ac0e-66626975ef28}</UniqueIdentifier>
    </Filter>
    <Filter Include="Engine\01. Header">
      <UniqueIdentifier>{8fbf30ca-3e9a-41cc-9a81-5513b0591990}</UniqueIdentifier>
    </Filter>
    <Filter Include="Engine\02. Core">
      <UniqueIdentifier>{e07481d3-2714-4a57-b3fd-00344ee8606b}</UniqueIdentifier>
    </Filter>
    <Filter Include="Engine\03. Device">
      <UniqueIdentifier>{4c8eed8a-af5e-4fde-89ed-7449afd10f60}</UniqueIdentifier>
    </Filter>
    <Filter Include="Engine\Support">
      <UniqueIdentifier>{50d6eda3-fa74-470e-83d7-346ac1a0e6a9}</UniqueIdentifier>
    </Filter>
  </ItemGroup>
  <ItemGroup>
    <None Include="..\..\..\..\AssortrockDx2D\Project\Engine\SimpleMath.inl">
      <Filter>Engine\Support</Filter>
    </None>
  </ItemGroup>
</Project>