<?xml version="1.0" encoding="utf-8"?>
<Project ToolsVersion="4.0" xmlns="http://schemas.microsoft.com/developer/msbuild/2003">
  <ItemGroup>
    <ClInclude Include="pch.h">
      <Filter>Default</Filter>
    </ClInclude>
    <ClInclude Include="framework.h">
      <Filter>Default</Filter>
    </ClInclude>
    <ClInclude Include="CCore.h">
      <Filter>Engine\02. Core</Filter>
    </ClInclude>
    <ClInclude Include="Static_Func.h">
      <Filter>Engine\01. Header</Filter>
    </ClInclude>
    <ClInclude Include="CSingleton.h">
      <Filter>Engine\01. Header</Filter>
    </ClInclude>
    <ClInclude Include="Define.h">
      <Filter>Engine\01. Header</Filter>
    </ClInclude>
    <ClInclude Include="Global.h">
      <Filter>Engine\01. Header</Filter>
    </ClInclude>
    <ClInclude Include="CKeyManager.h">
      <Filter>Engine\04. Manager</Filter>
    </ClInclude>
    <ClInclude Include="CPathManager.h">
      <Filter>Engine\04. Manager</Filter>
    </ClInclude>
    <ClInclude Include="CTimeManager.h">
      <Filter>Engine\04. Manager</Filter>
    </ClInclude>
    <ClInclude Include="Tools.h">
      <Filter>Engine\Support</Filter>
    </ClInclude>
    <ClInclude Include="StringTable.h">
      <Filter>Engine\01. Header</Filter>
    </ClInclude>
    <ClInclude Include="CDevice.h">
      <Filter>Engine\03. Device</Filter>
    </ClInclude>
    <ClInclude Include="..\..\..\..\AssortrockDx2D\Project\Engine\SimpleMath.h">
      <Filter>Engine\Support</Filter>
    </ClInclude>
    <ClInclude Include="RenderTest.h">
      <Filter>Engine</Filter>
    </ClInclude>
    <ClInclude Include="Struct.h">
      <Filter>Engine\01. Header</Filter>
    </ClInclude>
    <ClInclude Include="CResource.h">
      <Filter>Engine\05. Resource</Filter>
    </ClInclude>
    <ClInclude Include="CEntity.h">
      <Filter>Engine\05. Resource</Filter>
    </ClInclude>
    <ClInclude Include="CMesh.h">
      <Filter>Engine\05. Resource\Mesh</Filter>
    </ClInclude>
  </ItemGroup>
  <ItemGroup>
    <ClCompile Include="pch.cpp">
      <Filter>Default</Filter>
    </ClCompile>
    <ClCompile Include="StaticLib.cpp">
      <Filter>Default</Filter>
    </ClCompile>
    <ClCompile Include="CCore.cpp">
      <Filter>Engine\02. Core</Filter>
    </ClCompile>
    <ClCompile Include="Static_Func.cpp">
      <Filter>Engine\01. Header</Filter>
    </ClCompile>
    <ClCompile Include="CKeyManager.cpp">
      <Filter>Engine\04. Manager</Filter>
    </ClCompile>
    <ClCompile Include="CPathManager.cpp">
      <Filter>Engine\04. Manager</Filter>
    </ClCompile>
    <ClCompile Include="CTimeManager.cpp">
      <Filter>Engine\04. Manager</Filter>
    </ClCompile>
    <ClCompile Include="Tools.cpp">
      <Filter>Engine\Support</Filter>
    </ClCompile>
    <ClCompile Include="CDevice.cpp">
      <Filter>Engine\03. Device</Filter>
    </ClCompile>
    <ClCompile Include="RenderTest.cpp">
      <Filter>Engine</Filter>
    </ClCompile>
    <ClCompile Include="CEntity.cpp">
      <Filter>Engine\05. Resource</Filter>
    </ClCompile>
    <ClCompile Include="CResource.cpp">
      <Filter>Engine\05. Resource</Filter>
    </ClCompile>
    <ClCompile Include="CMesh.cpp">
      <Filter>Engine\05. Resource\Mesh</Filter>
    </ClCompile>
  </ItemGroup>
  <ItemGroup>
    <Filter Include="Default">
      <UniqueIdentifier>{8c5b9564-e8a2-4c1e-92e2-6751b60ee1ba}</UniqueIdentifier>
    </Filter>
    <Filter Include="Engine">
      <UniqueIdentifier>{f7bf72fb-2861-417f-b952-57dc2b369907}</UniqueIdentifier>
    </Filter>
    <Filter Include="Engine\04. Manager">
      <UniqueIdentifier>{091ae4fb-3527-4720-ac0e-66626975ef28}</UniqueIdentifier>
    </Filter>
    <Filter Include="Engine\01. Header">
      <UniqueIdentifier>{8fbf30ca-3e9a-41cc-9a81-5513b0591990}</UniqueIdentifier>
    </Filter>
    <Filter Include="Engine\02. Core">
      <UniqueIdentifier>{e07481d3-2714-4a57-b3fd-00344ee8606b}</UniqueIdentifier>
    </Filter>
    <Filter Include="Engine\03. Device">
      <UniqueIdentifier>{4c8eed8a-af5e-4fde-89ed-7449afd10f60}</UniqueIdentifier>
    </Filter>
    <Filter Include="Engine\Support">
      <UniqueIdentifier>{50d6eda3-fa74-470e-83d7-346ac1a0e6a9}</UniqueIdentifier>
    </Filter>
    <Filter Include="Engine\05. Resource">
      <UniqueIdentifier>{2a376735-3f07-4e8d-8bad-d7e1411fc991}</UniqueIdentifier>
    </Filter>
    <Filter Include="Engine\05. Resource\Shader">
      <UniqueIdentifier>{00bec9a9-aca2-4b81-a174-5320d878e01c}</UniqueIdentifier>
    </Filter>
    <Filter Include="Engine\05. Resource\Texture">
      <UniqueIdentifier>{e464dabe-e1b8-45c0-b26e-604d0ea0ed57}</UniqueIdentifier>
    </Filter>
    <Filter Include="Engine\05. Resource\Mesh">
      <UniqueIdentifier>{89767618-892a-401b-9574-bfc9227f0bcc}</UniqueIdentifier>
    </Filter>
    <Filter Include="Engine\05. Resource\Sound">
      <UniqueIdentifier>{eb02c469-b932-4c49-9329-b6666e453ee8}</UniqueIdentifier>
    </Filter>
    <Filter Include="Shader Script">
      <UniqueIdentifier>{ad7d2027-a57d-4d1d-8a66-a9c67a847c47}</UniqueIdentifier>
    </Filter>
  </ItemGroup>
  <ItemGroup>
    <None Include="..\..\..\..\AssortrockDx2D\Project\Engine\SimpleMath.inl">
      <Filter>Engine\Support</Filter>
    </None>
  </ItemGroup>
  <ItemGroup>
    <FxCompile Include="std2d.fx">
      <Filter>Shader Script</Filter>
    </FxCompile>
  </ItemGroup>
</Project>