<?xml version="1.0" encoding="utf-8"?>
<Project ToolsVersion="4.0" xmlns="http://schemas.microsoft.com/developer/msbuild/2003">
  <ItemGroup>
    <ClInclude Include="pch.h">
      <Filter>Default</Filter>
    </ClInclude>
    <ClInclude Include="framework.h">
      <Filter>Default</Filter>
    </ClInclude>
    <ClInclude Include="CCore.h">
      <Filter>Engine\02. Core</Filter>
    </ClInclude>
    <ClInclude Include="Function.h">
      <Filter>Engine\01. Header</Filter>
    </ClInclude>
    <ClInclude Include="CSingleton.h">
      <Filter>Engine\01. Header</Filter>
    </ClInclude>
    <ClInclude Include="Define.h">
      <Filter>Engine\01. Header</Filter>
    </ClInclude>
    <ClInclude Include="Global.h">
      <Filter>Engine\01. Header</Filter>
    </ClInclude>
    <ClInclude Include="CKeyManager.h">
      <Filter>Engine\04. Manager</Filter>
    </ClInclude>
    <ClInclude Include="CPathManager.h">
      <Filter>Engine\04. Manager</Filter>
    </ClInclude>
    <ClInclude Include="CTimeManager.h">
      <Filter>Engine\04. Manager</Filter>
    </ClInclude>
    <ClInclude Include="Tools.h">
      <Filter>Engine\Support</Filter>
    </ClInclude>
    <ClInclude Include="StringTable.h">
      <Filter>Engine\01. Header</Filter>
    </ClInclude>
    <ClInclude Include="CDevice.h">
      <Filter>Engine\03. Device</Filter>
    </ClInclude>
    <ClInclude Include="Struct.h">
      <Filter>Engine\01. Header</Filter>
    </ClInclude>
    <ClInclude Include="CResource.h">
      <Filter>Engine\05. Resource</Filter>
    </ClInclude>
    <ClInclude Include="CMesh.h">
      <Filter>Engine\05. Resource\Mesh</Filter>
    </ClInclude>
    <ClInclude Include="CShader.h">
      <Filter>Engine\05. Resource\Shader</Filter>
    </ClInclude>
    <ClInclude Include="CGraphicsShader.h">
      <Filter>Engine\05. Resource\Shader\GraphicsShader</Filter>
    </ClInclude>
    <ClInclude Include="CComputeShader.h">
      <Filter>Engine\05. Resource\Shader\ComputeShader</Filter>
    </ClInclude>
    <ClInclude Include="Extern.h">
      <Filter>Engine\01. Header</Filter>
    </ClInclude>
    <ClInclude Include="CConstBuffer.h">
      <Filter>Engine\03. Device\ConstBuffer</Filter>
    </ClInclude>
    <ClInclude Include="CComponent.h">
      <Filter>Engine\07. Component</Filter>
    </ClInclude>
    <ClInclude Include="CGameObject.h">
      <Filter>Engine\08. Objects\GameObject</Filter>
    </ClInclude>
    <ClInclude Include="CTransform.h">
      <Filter>Engine\07. Component\Transform</Filter>
    </ClInclude>
    <ClInclude Include="Interfaces.h">
      <Filter>Engine\09. Interface</Filter>
    </ClInclude>
    <ClInclude Include="CRenderer.h">
      <Filter>Engine\07. Component\Renderer</Filter>
    </ClInclude>
    <ClInclude Include="CMeshRenderer.h">
      <Filter>Engine\07. Component\Renderer\MeshRender</Filter>
    </ClInclude>
    <ClInclude Include="CSceneManager.h">
      <Filter>Engine\04. Manager</Filter>
    </ClInclude>
    <ClInclude Include="CScene.h">
      <Filter>Engine\10. Scene</Filter>
    </ClInclude>
    <ClInclude Include="CCamera.h">
      <Filter>Engine\07. Component\Camera</Filter>
    </ClInclude>
    <ClInclude Include="CTexture.h">
      <Filter>Engine\05. Resource\Texture</Filter>
    </ClInclude>
    <ClInclude Include="CLayer.h">
      <Filter>Engine\10. Scene</Filter>
    </ClInclude>
    <ClInclude Include="Ptr.h">
      <Filter>Engine\05. Resource</Filter>
    </ClInclude>
    <ClInclude Include="CMaterial.h">
      <Filter>Engine\05. Resource\Material</Filter>
    </ClInclude>
    <ClInclude Include="CScript.h">
      <Filter>Engine\07. Component\Script</Filter>
    </ClInclude>
    <ClInclude Include="CEventManager.h">
      <Filter>Engine\04. Manager</Filter>
    </ClInclude>
    <ClInclude Include="CCollisionManager.h">
      <Filter>Engine\04. Manager</Filter>
    </ClInclude>
    <ClInclude Include="CCollider.h">
      <Filter>Engine\07. Component\Collider</Filter>
    </ClInclude>
    <ClInclude Include="CCollider2D.h">
      <Filter>Engine\07. Component\Collider\CCollider2D</Filter>
    </ClInclude>
    <ClInclude Include="CCollider3D.h">
      <Filter>Engine\07. Component\Collider\CCollider3D</Filter>
    </ClInclude>
    <ClInclude Include="CObject.h">
      <Filter>Engine\08. Objects</Filter>
    </ClInclude>
    <ClInclude Include="CAnimation2D.h">
      <Filter>Engine\07. Component\Animator\2D</Filter>
    </ClInclude>
    <ClInclude Include="CAnimator2D.h">
      <Filter>Engine\07. Component\Animator\2D</Filter>
    </ClInclude>
    <ClInclude Include="CLight2D.h">
      <Filter>Engine\07. Component\Light2D</Filter>
    </ClInclude>
    <ClInclude Include="CRenderManager.h">
      <Filter>Engine\04. Manager</Filter>
    </ClInclude>
    <ClInclude Include="CPrefab.h">
      <Filter>Engine\05. Resource\Prefab</Filter>
    </ClInclude>
    <ClInclude Include="CStructuredBuffer.h">
      <Filter>Engine\03. Device\CStructuredBuffer</Filter>
    </ClInclude>
    <ClInclude Include="CTileMap.h">
      <Filter>Engine\07. Component\TileMap</Filter>
    </ClInclude>
    <ClInclude Include="CTestShader.h">
      <Filter>Shader Script\ComputeShader</Filter>
    </ClInclude>
    <ClInclude Include="CParticleSystem.h">
      <Filter>Engine\07. Component\ParticleSystem</Filter>
    </ClInclude>
    <ClInclude Include="CParticleUpdateShader.h">
      <Filter>Shader Script\ComputeShader\ParticleUpdate</Filter>
    </ClInclude>
    <ClInclude Include="CRigidbody.h">
      <Filter>Engine\07. Component\Rigidbody</Filter>
    </ClInclude>
    <ClInclude Include="CRigidbody2D.h">
      <Filter>Engine\07. Component\Rigidbody\Rigidbody2D</Filter>
    </ClInclude>
    <ClInclude Include="CMouseManager.h">
      <Filter>Engine\04. Manager\Mouse Manager</Filter>
    </ClInclude>
    <ClInclude Include="CMouseEvent.h">
      <Filter>Engine\04. Manager\Mouse Manager\Mouse Event</Filter>
    </ClInclude>
    <ClInclude Include="CConfigurationManager.h">
      <Filter>Engine\04. Manager</Filter>
    </ClInclude>
    <ClInclude Include="CSound.h">
      <Filter>Engine\05. Resource\Sound</Filter>
    </ClInclude>
    <ClInclude Include="CFontManager.h">
      <Filter>Engine\04. Manager</Filter>
    </ClInclude>
    <ClInclude Include="CUI.h">
      <Filter>Engine\04. Manager</Filter>
    </ClInclude>
    <ClInclude Include="CUIManager.h">
      <Filter>Engine\04. Manager</Filter>
    </ClInclude>
    <ClInclude Include="CBehaviour.h">
      <Filter>Engine\07. Component</Filter>
    </ClInclude>
    <ClInclude Include="CUIBehaviour.h">
      <Filter>Engine\07. Component</Filter>
    </ClInclude>
    <ClInclude Include="CButtonUI.h">
      <Filter>Engine\07. Component\UI\ButtonUI</Filter>
    </ClInclude>
    <ClInclude Include="CTextUI.h">
      <Filter>Engine\07. Component\UI\TextUI</Filter>
    </ClInclude>
    <ClInclude Include="CImageUI.h">
      <Filter>Engine\07. Component\UI\ImageUI</Filter>
    </ClInclude>
    <ClInclude Include="CRectTransform.h">
      <Filter>Engine\07. Component\RectTransform</Filter>
    </ClInclude>
    <ClInclude Include="CCanvasRenderer.h">
      <Filter>Engine\07. Component\Renderer\CanvasRender</Filter>
    </ClInclude>
    <ClInclude Include="CPathFinding.h">
      <Filter>Engine\11. Functions</Filter>
    </ClInclude>
    <ClInclude Include="CAudioSource.h">
      <Filter>Engine\07. Component\AudioSource</Filter>
    </ClInclude>
    <ClInclude Include="CSpriteRenderer.h">
      <Filter>Engine\07. Component\Renderer\SripteRenderer</Filter>
    </ClInclude>
    <ClInclude Include="SimpleMath.h">
      <Filter>Engine\Support</Filter>
    </ClInclude>
    <ClInclude Include="CTileMapGrid.h">
      <Filter>Engine\07. Component\Transform\InnerClass</Filter>
    </ClInclude>
    <ClInclude Include="CResourceManager.h">
      <Filter>Engine\04. Manager\ResourceManager</Filter>
    </ClInclude>
    <ClInclude Include="CObjectManager.h">
      <Filter>Engine\04. Manager</Filter>
    </ClInclude>
    <ClInclude Include="CCursor.h" />
    <ClInclude Include="random_generator.hpp">
      <Filter>Engine\Support</Filter>
    </ClInclude>
  </ItemGroup>
  <ItemGroup>
    <ClCompile Include="pch.cpp">
      <Filter>Default</Filter>
    </ClCompile>
    <ClCompile Include="StaticLib.cpp">
      <Filter>Default</Filter>
    </ClCompile>
    <ClCompile Include="CCore.cpp">
      <Filter>Engine\02. Core</Filter>
    </ClCompile>
    <ClCompile Include="Function.cpp">
      <Filter>Engine\01. Header</Filter>
    </ClCompile>
    <ClCompile Include="CKeyManager.cpp">
      <Filter>Engine\04. Manager</Filter>
    </ClCompile>
    <ClCompile Include="CPathManager.cpp">
      <Filter>Engine\04. Manager</Filter>
    </ClCompile>
    <ClCompile Include="CTimeManager.cpp">
      <Filter>Engine\04. Manager</Filter>
    </ClCompile>
    <ClCompile Include="Tools.cpp">
      <Filter>Engine\Support</Filter>
    </ClCompile>
    <ClCompile Include="CDevice.cpp">
      <Filter>Engine\03. Device</Filter>
    </ClCompile>
    <ClCompile Include="CResource.cpp">
      <Filter>Engine\05. Resource</Filter>
    </ClCompile>
    <ClCompile Include="CMesh.cpp">
      <Filter>Engine\05. Resource\Mesh</Filter>
    </ClCompile>
    <ClCompile Include="CShader.cpp">
      <Filter>Engine\05. Resource\Shader</Filter>
    </ClCompile>
    <ClCompile Include="CGraphicsShader.cpp">
      <Filter>Engine\05. Resource\Shader\GraphicsShader</Filter>
    </ClCompile>
    <ClCompile Include="CComputeShader.cpp">
      <Filter>Engine\05. Resource\Shader\ComputeShader</Filter>
    </ClCompile>
    <ClCompile Include="Extern.cpp">
      <Filter>Engine\01. Header</Filter>
    </ClCompile>
    <ClCompile Include="CConstBuffer.cpp">
      <Filter>Engine\03. Device\ConstBuffer</Filter>
    </ClCompile>
    <ClCompile Include="CComponent.cpp">
      <Filter>Engine\07. Component</Filter>
    </ClCompile>
    <ClCompile Include="CGameObject.cpp">
      <Filter>Engine\08. Objects\GameObject</Filter>
    </ClCompile>
    <ClCompile Include="CTransform.cpp">
      <Filter>Engine\07. Component\Transform</Filter>
    </ClCompile>
    <ClCompile Include="Interfaces.cpp">
      <Filter>Engine\09. Interface</Filter>
    </ClCompile>
    <ClCompile Include="CRenderer.cpp">
      <Filter>Engine\07. Component\Renderer</Filter>
    </ClCompile>
    <ClCompile Include="CMeshRenderer.cpp">
      <Filter>Engine\07. Component\Renderer\MeshRender</Filter>
    </ClCompile>
    <ClCompile Include="CSceneManager.cpp">
      <Filter>Engine\04. Manager</Filter>
    </ClCompile>
    <ClCompile Include="CScene.cpp">
      <Filter>Engine\10. Scene</Filter>
    </ClCompile>
    <ClCompile Include="CCamera.cpp">
      <Filter>Engine\07. Component\Camera</Filter>
    </ClCompile>
    <ClCompile Include="CTexture.cpp">
      <Filter>Engine\05. Resource\Texture</Filter>
    </ClCompile>
    <ClCompile Include="CLayer.cpp">
      <Filter>Engine\10. Scene</Filter>
    </ClCompile>
    <ClCompile Include="CMaterial.cpp">
      <Filter>Engine\05. Resource\Material</Filter>
    </ClCompile>
    <ClCompile Include="CScript.cpp">
      <Filter>Engine\07. Component\Script</Filter>
    </ClCompile>
    <ClCompile Include="CEventManager.cpp">
      <Filter>Engine\04. Manager</Filter>
    </ClCompile>
    <ClCompile Include="CCollisionManager.cpp">
      <Filter>Engine\04. Manager</Filter>
    </ClCompile>
    <ClCompile Include="CCollider.cpp">
      <Filter>Engine\07. Component\Collider</Filter>
    </ClCompile>
    <ClCompile Include="CCollider2D.cpp">
      <Filter>Engine\07. Component\Collider\CCollider2D</Filter>
    </ClCompile>
    <ClCompile Include="CCollider3D.cpp">
      <Filter>Engine\07. Component\Collider\CCollider3D</Filter>
    </ClCompile>
    <ClCompile Include="CObject.cpp">
      <Filter>Engine\08. Objects</Filter>
    </ClCompile>
    <ClCompile Include="CAnimation2D.cpp">
      <Filter>Engine\07. Component\Animator\2D</Filter>
    </ClCompile>
    <ClCompile Include="CAnimator2D.cpp">
      <Filter>Engine\07. Component\Animator\2D</Filter>
    </ClCompile>
    <ClCompile Include="CLight2D.cpp">
      <Filter>Engine\07. Component\Light2D</Filter>
    </ClCompile>
    <ClCompile Include="CRenderManager.cpp">
      <Filter>Engine\04. Manager</Filter>
    </ClCompile>
    <ClCompile Include="CPrefab.cpp">
      <Filter>Engine\05. Resource\Prefab</Filter>
    </ClCompile>
    <ClCompile Include="CStructuredBuffer.cpp">
      <Filter>Engine\03. Device\CStructuredBuffer</Filter>
    </ClCompile>
    <ClCompile Include="CTileMap.cpp">
      <Filter>Engine\07. Component\TileMap</Filter>
    </ClCompile>
    <ClCompile Include="CTestShader.cpp">
      <Filter>Shader Script\ComputeShader</Filter>
    </ClCompile>
    <ClCompile Include="CParticleSystem.cpp">
      <Filter>Engine\07. Component\ParticleSystem</Filter>
    </ClCompile>
    <ClCompile Include="CParticleUpdateShader.cpp">
      <Filter>Shader Script\ComputeShader\ParticleUpdate</Filter>
    </ClCompile>
    <ClCompile Include="CRigidbody.cpp">
      <Filter>Engine\07. Component\Rigidbody</Filter>
    </ClCompile>
    <ClCompile Include="CRigidbody2D.cpp">
      <Filter>Engine\07. Component\Rigidbody\Rigidbody2D</Filter>
    </ClCompile>
    <ClCompile Include="CMouseManager.cpp">
      <Filter>Engine\04. Manager\Mouse Manager</Filter>
    </ClCompile>
    <ClCompile Include="CMouseEvent.cpp">
      <Filter>Engine\04. Manager\Mouse Manager\Mouse Event</Filter>
    </ClCompile>
    <ClCompile Include="Define.cpp">
      <Filter>Engine\01. Header</Filter>
    </ClCompile>
    <ClCompile Include="CConfigurationManager.cpp">
      <Filter>Engine\04. Manager</Filter>
    </ClCompile>
    <ClCompile Include="CSound.cpp">
      <Filter>Engine\05. Resource\Sound</Filter>
    </ClCompile>
    <ClCompile Include="CFontManager.cpp">
      <Filter>Engine\04. Manager</Filter>
    </ClCompile>
    <ClCompile Include="CUI.cpp">
      <Filter>Engine\04. Manager</Filter>
    </ClCompile>
    <ClCompile Include="CUIManager.cpp">
      <Filter>Engine\04. Manager</Filter>
    </ClCompile>
    <ClCompile Include="CBehaviour.cpp">
      <Filter>Engine\07. Component</Filter>
    </ClCompile>
    <ClCompile Include="CUIBehaviour.cpp">
      <Filter>Engine\07. Component</Filter>
    </ClCompile>
    <ClCompile Include="CButtonUI.cpp">
      <Filter>Engine\07. Component\UI\ButtonUI</Filter>
    </ClCompile>
    <ClCompile Include="CTextUI.cpp">
      <Filter>Engine\07. Component\UI\TextUI</Filter>
    </ClCompile>
    <ClCompile Include="CImageUI.cpp">
      <Filter>Engine\07. Component\UI\ImageUI</Filter>
    </ClCompile>
    <ClCompile Include="CRectTransform.cpp">
      <Filter>Engine\07. Component\RectTransform</Filter>
    </ClCompile>
    <ClCompile Include="CCanvasRenderer.cpp">
      <Filter>Engine\07. Component\Renderer\CanvasRender</Filter>
    </ClCompile>
    <ClCompile Include="CPathFinding.cpp">
      <Filter>Engine\11. Functions</Filter>
    </ClCompile>
    <ClCompile Include="CAudioSource.cpp">
      <Filter>Engine\07. Component\AudioSource</Filter>
    </ClCompile>
    <ClCompile Include="CSpriteRenderer.cpp">
      <Filter>Engine\07. Component\Renderer\SripteRenderer</Filter>
    </ClCompile>
    <ClCompile Include="CTileMapGrid.cpp">
      <Filter>Engine\07. Component\Transform\InnerClass</Filter>
    </ClCompile>
    <ClCompile Include="CResourceManager.cpp">
      <Filter>Engine\04. Manager\ResourceManager</Filter>
    </ClCompile>
    <ClCompile Include="CObjectManager.cpp">
      <Filter>Engine\04. Manager</Filter>
    </ClCompile>
    <ClCompile Include="CCursor.cpp" />
  </ItemGroup>
  <ItemGroup>
    <Filter Include="Default">
      <UniqueIdentifier>{8c5b9564-e8a2-4c1e-92e2-6751b60ee1ba}</UniqueIdentifier>
    </Filter>
    <Filter Include="Engine">
      <UniqueIdentifier>{f7bf72fb-2861-417f-b952-57dc2b369907}</UniqueIdentifier>
    </Filter>
    <Filter Include="Engine\04. Manager">
      <UniqueIdentifier>{091ae4fb-3527-4720-ac0e-66626975ef28}</UniqueIdentifier>
    </Filter>
    <Filter Include="Engine\01. Header">
      <UniqueIdentifier>{8fbf30ca-3e9a-41cc-9a81-5513b0591990}</UniqueIdentifier>
    </Filter>
    <Filter Include="Engine\02. Core">
      <UniqueIdentifier>{e07481d3-2714-4a57-b3fd-00344ee8606b}</UniqueIdentifier>
    </Filter>
    <Filter Include="Engine\03. Device">
      <UniqueIdentifier>{4c8eed8a-af5e-4fde-89ed-7449afd10f60}</UniqueIdentifier>
    </Filter>
    <Filter Include="Engine\Support">
      <UniqueIdentifier>{50d6eda3-fa74-470e-83d7-346ac1a0e6a9}</UniqueIdentifier>
    </Filter>
    <Filter Include="Engine\05. Resource">
      <UniqueIdentifier>{2a376735-3f07-4e8d-8bad-d7e1411fc991}</UniqueIdentifier>
    </Filter>
    <Filter Include="Engine\05. Resource\Shader">
      <UniqueIdentifier>{00bec9a9-aca2-4b81-a174-5320d878e01c}</UniqueIdentifier>
    </Filter>
    <Filter Include="Engine\05. Resource\Texture">
      <UniqueIdentifier>{e464dabe-e1b8-45c0-b26e-604d0ea0ed57}</UniqueIdentifier>
    </Filter>
    <Filter Include="Engine\05. Resource\Mesh">
      <UniqueIdentifier>{89767618-892a-401b-9574-bfc9227f0bcc}</UniqueIdentifier>
    </Filter>
    <Filter Include="Engine\05. Resource\Sound">
      <UniqueIdentifier>{eb02c469-b932-4c49-9329-b6666e453ee8}</UniqueIdentifier>
    </Filter>
    <Filter Include="Shader Script">
      <UniqueIdentifier>{ad7d2027-a57d-4d1d-8a66-a9c67a847c47}</UniqueIdentifier>
    </Filter>
    <Filter Include="Engine\05. Resource\Shader\GraphicsShader">
      <UniqueIdentifier>{a9e62296-95ea-4364-be72-3bf4832c2700}</UniqueIdentifier>
    </Filter>
    <Filter Include="Engine\05. Resource\Shader\ComputeShader">
      <UniqueIdentifier>{59518001-ebf2-4679-9d48-3e84898b300f}</UniqueIdentifier>
    </Filter>
    <Filter Include="Engine\03. Device\ConstBuffer">
      <UniqueIdentifier>{823ac946-da82-48a6-b96e-0e5169dea95d}</UniqueIdentifier>
    </Filter>
    <Filter Include="Engine\07. Component">
      <UniqueIdentifier>{f1f40f42-762a-4d2c-a37c-7af34dcffa45}</UniqueIdentifier>
    </Filter>
    <Filter Include="Engine\07. Component\Camera">
      <UniqueIdentifier>{05da4afa-0468-4011-bdd3-7412d3c9ac75}</UniqueIdentifier>
    </Filter>
    <Filter Include="Engine\07. Component\ParticleSystem">
      <UniqueIdentifier>{41ba0245-cc3d-407e-a58e-16b18ccb6848}</UniqueIdentifier>
    </Filter>
    <Filter Include="Engine\07. Component\Animator">
      <UniqueIdentifier>{6886fdc2-e3e6-43ce-9c03-29c826e098d4}</UniqueIdentifier>
    </Filter>
    <Filter Include="Engine\07. Component\Transform">
      <UniqueIdentifier>{ec592a36-98e6-4a34-85a8-8935061961c4}</UniqueIdentifier>
    </Filter>
    <Filter Include="Engine\08. Objects">
      <UniqueIdentifier>{8c0ce65c-2738-4f30-96db-de59751d81d3}</UniqueIdentifier>
    </Filter>
    <Filter Include="Engine\08. Objects\GameObject">
      <UniqueIdentifier>{bfbd0d8d-3586-49ca-8b59-ba4807958884}</UniqueIdentifier>
    </Filter>
    <Filter Include="Engine\09. Interface">
      <UniqueIdentifier>{ad94f2ed-eb02-4c5c-beac-5bb854aef2bd}</UniqueIdentifier>
    </Filter>
    <Filter Include="Engine\07. Component\Renderer">
      <UniqueIdentifier>{b9799131-33ec-48f0-90c8-5a6cb63446c0}</UniqueIdentifier>
    </Filter>
    <Filter Include="Engine\07. Component\Renderer\MeshRender">
      <UniqueIdentifier>{262f64ed-036b-4aff-89c2-db1c55578e36}</UniqueIdentifier>
    </Filter>
    <Filter Include="Engine\10. Scene">
      <UniqueIdentifier>{a79582ae-07dc-4cfe-b018-5b65348ca042}</UniqueIdentifier>
    </Filter>
    <Filter Include="Engine\05. Resource\Material">
      <UniqueIdentifier>{21aead7d-ed87-46df-952d-c9813644ea3b}</UniqueIdentifier>
    </Filter>
    <Filter Include="Engine\07. Component\Script">
      <UniqueIdentifier>{ac9e46ef-ba09-427e-9551-76dfbe82a92e}</UniqueIdentifier>
    </Filter>
    <Filter Include="Engine\07. Component\Collider">
      <UniqueIdentifier>{60e5f204-a0df-4f1d-af82-f05e2b6cc664}</UniqueIdentifier>
    </Filter>
    <Filter Include="Engine\07. Component\Collider\CCollider2D">
      <UniqueIdentifier>{6e6139c0-6e16-45d2-a957-6ab7b4116ec9}</UniqueIdentifier>
    </Filter>
    <Filter Include="Engine\07. Component\Collider\CCollider3D">
      <UniqueIdentifier>{e2665e39-68ac-42b4-a068-a9fb89c4b2cf}</UniqueIdentifier>
    </Filter>
    <Filter Include="Engine\07. Component\Animator\2D">
      <UniqueIdentifier>{f2f24d61-12d6-4baa-b773-28c5ee94bc83}</UniqueIdentifier>
    </Filter>
    <Filter Include="Engine\07. Component\Animator\3D">
      <UniqueIdentifier>{d4a14248-40ce-4e7b-bc6b-da5660910f9f}</UniqueIdentifier>
    </Filter>
    <Filter Include="Engine\07. Component\Light2D">
      <UniqueIdentifier>{12668154-9126-408e-8ef0-55050b002448}</UniqueIdentifier>
    </Filter>
    <Filter Include="Engine\05. Resource\Prefab">
      <UniqueIdentifier>{76b1c44e-d3a7-4ed4-8fc7-c50d6b3c4406}</UniqueIdentifier>
    </Filter>
    <Filter Include="Engine\03. Device\CStructuredBuffer">
      <UniqueIdentifier>{733af71f-fc05-473f-8467-49c827f2acdd}</UniqueIdentifier>
    </Filter>
    <Filter Include="Engine\07. Component\TileMap">
      <UniqueIdentifier>{4790db69-4e20-40ff-8c1b-03fce1a57a50}</UniqueIdentifier>
    </Filter>
    <Filter Include="Shader Script\ComputeShader">
      <UniqueIdentifier>{cf68d110-f4d7-4c8b-b7e2-b81c674e2c8c}</UniqueIdentifier>
    </Filter>
    <Filter Include="Shader Script\ComputeShader\ParticleUpdate">
      <UniqueIdentifier>{cfd499c0-7a5c-479c-a1f1-a416c7239915}</UniqueIdentifier>
    </Filter>
    <Filter Include="Engine\07. Component\Rigidbody">
      <UniqueIdentifier>{40455cda-c6a6-492c-a79f-9541d622b9e6}</UniqueIdentifier>
    </Filter>
    <Filter Include="Engine\07. Component\Rigidbody\Rigidbody2D">
      <UniqueIdentifier>{2b53afe3-84f8-493d-a47d-6744fff2050a}</UniqueIdentifier>
    </Filter>
    <Filter Include="Engine\07. Component\Rigidbody\Rigidbody3D">
      <UniqueIdentifier>{2f3c4be6-4c7d-4422-b3ff-5d03eebefba0}</UniqueIdentifier>
    </Filter>
    <Filter Include="Engine\04. Manager\Mouse Manager">
      <UniqueIdentifier>{03fca9eb-937c-42ff-bf12-9112ce67a356}</UniqueIdentifier>
    </Filter>
    <Filter Include="Engine\04. Manager\Mouse Manager\Mouse Event">
      <UniqueIdentifier>{6084be49-36d2-405a-9fcc-1212869fc8d2}</UniqueIdentifier>
    </Filter>
    <Filter Include="Engine\11. Functions">
      <UniqueIdentifier>{e00cb856-2862-4218-82c2-edbfe05ac8e3}</UniqueIdentifier>
    </Filter>
    <Filter Include="Engine\07. Component\Font">
      <UniqueIdentifier>{f395f7b4-7e95-48e9-b546-278c771db015}</UniqueIdentifier>
    </Filter>
    <Filter Include="Engine\07. Component\UI">
      <UniqueIdentifier>{8364987d-49eb-43c6-b32d-c8fdea6c96c7}</UniqueIdentifier>
    </Filter>
    <Filter Include="Engine\07. Component\UI\TextUI">
      <UniqueIdentifier>{ae37998d-ff1e-49c5-8ab0-10724629b439}</UniqueIdentifier>
    </Filter>
    <Filter Include="Engine\07. Component\UI\ButtonUI">
      <UniqueIdentifier>{355009bd-a2a4-43be-bd93-8ecf23f67c35}</UniqueIdentifier>
    </Filter>
    <Filter Include="Engine\07. Component\UI\ImageUI">
      <UniqueIdentifier>{83bf1239-307f-44bd-a00d-94f27b2723c4}</UniqueIdentifier>
    </Filter>
    <Filter Include="Engine\07. Component\RectTransform">
      <UniqueIdentifier>{96ae5c9d-0b78-40bd-987d-a0ccb1416fc2}</UniqueIdentifier>
    </Filter>
    <Filter Include="Engine\07. Component\Renderer\CanvasRender">
      <UniqueIdentifier>{35d86728-2a65-4b41-98dd-e5c3182abef0}</UniqueIdentifier>
    </Filter>
    <Filter Include="Engine\07. Component\AudioSource">
      <UniqueIdentifier>{ddd92021-5625-46f8-9546-129ad799f2c4}</UniqueIdentifier>
    </Filter>
    <Filter Include="Engine\07. Component\Renderer\SripteRenderer">
      <UniqueIdentifier>{ded05676-1051-4ce3-9f05-35fc655569f7}</UniqueIdentifier>
    </Filter>
    <Filter Include="Engine\07. Component\Grid">
      <UniqueIdentifier>{deedc14b-1f01-41f0-beee-dcdc306f40f1}</UniqueIdentifier>
    </Filter>
    <Filter Include="Engine\07. Component\Transform\InnerClass">
      <UniqueIdentifier>{abca915f-fe42-49b9-beec-5abb1fccd045}</UniqueIdentifier>
    </Filter>
    <Filter Include="Engine\04. Manager\ResourceManager">
      <UniqueIdentifier>{bfdb650e-797a-4fe3-8dc9-e399d1bf7c7b}</UniqueIdentifier>
    </Filter>
    <Filter Include="Engine\Widget">
      <UniqueIdentifier>{694e123c-76d1-4770-9fc5-468d2f68ab0e}</UniqueIdentifier>
    </Filter>
  </ItemGroup>
  <ItemGroup>
    <FxCompile Include="std2d.fx">
      <Filter>Shader Script</Filter>
    </FxCompile>
    <FxCompile Include="value.fx">
      <Filter>Shader Script</Filter>
    </FxCompile>
    <FxCompile Include="struct.fx">
      <Filter>Shader Script</Filter>
    </FxCompile>
    <FxCompile Include="testShader.fx">
      <Filter>Shader Script</Filter>
    </FxCompile>
    <FxCompile Include="particle.fx">
      <Filter>Shader Script</Filter>
    </FxCompile>
    <FxCompile Include="function.fx">
      <Filter>Shader Script</Filter>
    </FxCompile>
    <FxCompile Include="particle_update.fx">
      <Filter>Shader Script</Filter>
    </FxCompile>
    <FxCompile Include="posteffect.fx">
      <Filter>Shader Script</Filter>
    </FxCompile>
    <FxCompile Include="LambertCosineLaw.fx">
      <Filter>Shader Script</Filter>
    </FxCompile>
    <FxCompile Include="tilemap.fx">
      <Filter>Shader Script</Filter>
    </FxCompile>
  </ItemGroup>
  <ItemGroup>
    <None Include="SimpleMath.inl">
      <Filter>Engine\Support</Filter>
    </None>
  </ItemGroup>
</Project>