<?xml version="1.0" encoding="utf-8"?>
<Project ToolsVersion="4.0" xmlns="http://schemas.microsoft.com/developer/msbuild/2003">
  <ItemGroup>
    <Filter Include="Resource Files">
      <UniqueIdentifier>{67DA6AB6-F800-4c08-8B7A-83BB121AAD01}</UniqueIdentifier>
      <Extensions>rc;ico;cur;bmp;dlg;rc2;rct;bin;rgs;gif;jpg;jpeg;jpe;resx;tiff;tif;png;wav;mfcribbon-ms</Extensions>
    </Filter>
    <Filter Include="ImGUI">
      <UniqueIdentifier>{1c8a472f-422e-4f7e-90bc-a4bd52740fc1}</UniqueIdentifier>
    </Filter>
    <Filter Include="01. Client">
      <UniqueIdentifier>{92c7f701-5b47-4a9b-b01d-e207adbd215a}</UniqueIdentifier>
    </Filter>
    <Filter Include="01. Client\WindowsMessageMap">
      <UniqueIdentifier>{453eb0cf-f452-41f0-aa05-ceb07675b4b4}</UniqueIdentifier>
    </Filter>
    <Filter Include="01. Client\Manager">
      <UniqueIdentifier>{b511e684-3d8a-4a91-8611-3778f89b2b9a}</UniqueIdentifier>
    </Filter>
    <Filter Include="01. Client\Manager\SaveLoad">
      <UniqueIdentifier>{ac121e6f-2dea-4b00-a418-7c13bd37b7bb}</UniqueIdentifier>
    </Filter>
    <Filter Include="01. Client\Manager\ImGui">
      <UniqueIdentifier>{f56bb79a-3037-4b9c-905f-13fd45bf757b}</UniqueIdentifier>
    </Filter>
    <Filter Include="00. Default">
      <UniqueIdentifier>{8acd106d-f303-4ffb-baff-b12483cbafd4}</UniqueIdentifier>
    </Filter>
    <Filter Include="02. GUI">
      <UniqueIdentifier>{ac6b3301-df2f-4b9f-bfdb-9534c36e72da}</UniqueIdentifier>
    </Filter>
    <Filter Include="02. GUI\InspectorGUI">
      <UniqueIdentifier>{94f54ad0-7a50-4086-80ad-d8495f7045b9}</UniqueIdentifier>
    </Filter>
    <Filter Include="02. GUI\InspectorGUI\InspectorViewGUI">
      <UniqueIdentifier>{bc1d4313-a4c1-45ee-aeb8-b503433ba2dc}</UniqueIdentifier>
    </Filter>
    <Filter Include="02. GUI\InspectorGUI\InspectorViewGUI\ComponentGUI">
      <UniqueIdentifier>{1c92634c-f58e-4539-9847-146aa9c7e950}</UniqueIdentifier>
    </Filter>
    <Filter Include="02. GUI\InspectorGUI\InspectorViewGUI\ComponentGUI\TransformGUI">
      <UniqueIdentifier>{1e712e9c-0f9d-43c8-a4a5-22ea74d56293}</UniqueIdentifier>
    </Filter>
    <Filter Include="02. GUI\InspectorGUI\InspectorViewGUI\ComponentGUI\MeshRendererGUI">
      <UniqueIdentifier>{83118172-75a5-4411-be87-933f27c5f73f}</UniqueIdentifier>
    </Filter>
    <Filter Include="02. GUI\InspectorGUI\InspectorViewGUI\ComponentGUI\ColliderGUI">
      <UniqueIdentifier>{60268bf0-830c-4289-a8fb-facc3a018162}</UniqueIdentifier>
    </Filter>
    <Filter Include="02. GUI\InspectorGUI\InspectorViewGUI\ComponentGUI\ColliderGUI\RectCollider2DGUI">
      <UniqueIdentifier>{875bbde1-f153-4430-884f-9cf509844aee}</UniqueIdentifier>
    </Filter>
    <Filter Include="02. GUI\InspectorGUI\InspectorViewGUI\ComponentGUI\RigidbodyGUI">
      <UniqueIdentifier>{f01366db-6379-44b9-8e04-b9ad264f9ecd}</UniqueIdentifier>
    </Filter>
    <Filter Include="02. GUI\InspectorGUI\InspectorViewGUI\ComponentGUI\RigidbodyGUI\Rigidbody2DGUI">
      <UniqueIdentifier>{4519215e-b30a-4437-99fb-c5914c369d19}</UniqueIdentifier>
    </Filter>
    <Filter Include="02. GUI\InspectorGUI\InspectorViewGUI\ComponentGUI\RigidbodyGUI\Rigidbody3DGUI">
      <UniqueIdentifier>{080de936-735c-482a-b80b-25c07c953014}</UniqueIdentifier>
    </Filter>
    <Filter Include="02. GUI\InspectorGUI\InspectorViewGUI\ResourceGUI">
      <UniqueIdentifier>{c4785640-840c-4b99-b8a6-4d40366287b7}</UniqueIdentifier>
    </Filter>
    <Filter Include="02. GUI\InspectorGUI\InspectorViewGUI\ResourceGUI\MaterialGUI">
      <UniqueIdentifier>{ff44992b-b687-4f10-9f2f-340ba707c5b1}</UniqueIdentifier>
    </Filter>
    <Filter Include="02. GUI\InspectorGUI\InspectorViewGUI\ResourceGUI\TextureGUI">
      <UniqueIdentifier>{5e7649c4-a377-4249-8367-6ab431014f94}</UniqueIdentifier>
    </Filter>
    <Filter Include="02. GUI\HierachyGUI">
      <UniqueIdentifier>{f14b894b-abe1-4707-a600-f8030ef66852}</UniqueIdentifier>
    </Filter>
    <Filter Include="02. GUI\Module">
      <UniqueIdentifier>{2d05aa2c-6d07-4651-b554-34690ac11fa3}</UniqueIdentifier>
    </Filter>
    <Filter Include="02. GUI\Module\ListViewGUI">
      <UniqueIdentifier>{1d30f82e-3aaf-413b-9970-17b377b59996}</UniqueIdentifier>
    </Filter>
    <Filter Include="02. GUI\Module\TreeVIewGUI">
      <UniqueIdentifier>{e32e9031-89f6-4ba4-a03e-7abc80d63e0b}</UniqueIdentifier>
    </Filter>
    <Filter Include="02. GUI\ResourceViewGUI">
      <UniqueIdentifier>{401419e2-b7af-4362-9fff-844f73366873}</UniqueIdentifier>
    </Filter>
    <Filter Include="02. GUI\MenuGUI">
      <UniqueIdentifier>{8d4cc51a-66f8-454a-bd07-6d3f8c83f5c2}</UniqueIdentifier>
    </Filter>
    <Filter Include="02. GUI\MenuGUI\MainMenuGUI">
      <UniqueIdentifier>{c70808a0-8999-4d34-8b8d-a3ec6e4c3ea7}</UniqueIdentifier>
    </Filter>
    <Filter Include="03. Tools">
      <UniqueIdentifier>{c4547edf-7a34-4ce3-9083-57ec53e7ff51}</UniqueIdentifier>
    </Filter>
    <Filter Include="03. Tools\01. Manager">
      <UniqueIdentifier>{8b9e5434-262a-4861-9e89-e52a5bbbd28b}</UniqueIdentifier>
    </Filter>
    <Filter Include="03. Tools\02. ToolObjects">
      <UniqueIdentifier>{b0ff19cf-00b9-4a73-a2b8-9e3c3ce3697f}</UniqueIdentifier>
    </Filter>
    <Filter Include="03. Tools\02. ToolObjects\Camera">
      <UniqueIdentifier>{6d6cb1fb-d7c3-43a7-bd0e-5084c690c9ac}</UniqueIdentifier>
    </Filter>
    <Filter Include="03. Tools\02. ToolObjects\GameObject">
      <UniqueIdentifier>{a6b692b2-e3d7-4636-99a9-74ed2fd0bc6f}</UniqueIdentifier>
    </Filter>
    <Filter Include="03. Tools\03. Scripts">
      <UniqueIdentifier>{dfc0855b-411a-4839-914c-ebec671e781e}</UniqueIdentifier>
    </Filter>
    <Filter Include="03. Tools\03. Scripts\Camera">
      <UniqueIdentifier>{f8adec6c-4f89-4ad5-abcb-506eddc12d99}</UniqueIdentifier>
    </Filter>
    <Filter Include="02. GUI\InspectorGUI\InspectorViewGUI\ComponentGUI\AnimatorGUI">
      <UniqueIdentifier>{da7be43f-1b90-4256-969d-0411db2185f2}</UniqueIdentifier>
    </Filter>
    <Filter Include="02. GUI\InspectorGUI\InspectorViewGUI\ComponentGUI\AnimatorGUI\Animator2DGUI">
      <UniqueIdentifier>{4110eef0-924a-4b4c-a2fd-8e8213202e41}</UniqueIdentifier>
    </Filter>
    <Filter Include="02. GUI\InspectorGUI\InspectorViewGUI\ComponentGUI\AnimatorGUI\Animator3DGUI">
      <UniqueIdentifier>{6e4bd7f7-3c2e-4209-b229-fa99b620b1f1}</UniqueIdentifier>
    </Filter>
    <Filter Include="02. GUI\InspectorGUI\InspectorViewGUI\ComponentGUI\TileMapGUI">
      <UniqueIdentifier>{dcbbe4d7-859e-460a-ab38-87751c5e21a0}</UniqueIdentifier>
    </Filter>
    <Filter Include="02. GUI\InspectorGUI\InspectorViewGUI\ComponentGUI\LightGUI">
      <UniqueIdentifier>{cf779776-a883-4a64-b225-acf806be12ce}</UniqueIdentifier>
    </Filter>
    <Filter Include="02. GUI\InspectorGUI\InspectorViewGUI\ComponentGUI\LightGUI\Light2DGUI">
      <UniqueIdentifier>{264e397c-c558-4820-a50f-abeeda204e4d}</UniqueIdentifier>
    </Filter>
    <Filter Include="02. GUI\InspectorGUI\InspectorViewGUI\ComponentGUI\LightGUI\Light3DGUI">
      <UniqueIdentifier>{14db0408-c6c4-4f87-84a9-12a229b680e5}</UniqueIdentifier>
    </Filter>
    <Filter Include="02. GUI\Module\ParamGUI">
      <UniqueIdentifier>{a09aa518-2d76-49fb-975f-758327ff14f6}</UniqueIdentifier>
    </Filter>
    <Filter Include="02. GUI\Module\ContextMenuGUI">
      <UniqueIdentifier>{908be2f2-a047-4314-9ab4-604a29ffa336}</UniqueIdentifier>
    </Filter>
    <Filter Include="02. GUI\Module\ContextMenuGUI\HierachyContextMenuGUI">
      <UniqueIdentifier>{93bd1906-9f25-469e-a2a9-10697779543b}</UniqueIdentifier>
    </Filter>
    <Filter Include="02. GUI\InspectorGUI\InspectorViewGUI\ComponentGUI\CCameraGUI">
      <UniqueIdentifier>{1b5ae7c7-548f-4f29-aec2-db3c106b87f7}</UniqueIdentifier>
    </Filter>
    <Filter Include="02. GUI\InspectorGUI\InspectorViewGUI\ComponentGUI\ScriptGUI">
      <UniqueIdentifier>{bbf13f97-04bc-48e4-8a40-2c1c8906d2ee}</UniqueIdentifier>
    </Filter>
    <Filter Include="02. GUI\InspectorGUI\InspectorViewGUI\ResourceGUI\PrefabGUI">
      <UniqueIdentifier>{9cc65d72-b485-45e5-b22a-81c29235e4e3}</UniqueIdentifier>
    </Filter>
    <Filter Include="02. GUI\DebugGUI">
      <UniqueIdentifier>{02080a95-815e-4cd4-8afe-1711d4bdaea1}</UniqueIdentifier>
    </Filter>
    <Filter Include="02. GUI\SceneViewGUI">
      <UniqueIdentifier>{20974e55-5f0b-47a2-a987-587d9e4961c1}</UniqueIdentifier>
    </Filter>
    <Filter Include="04. Contents">
      <UniqueIdentifier>{06651c1f-c44c-4e77-8cd1-b9f6787a7aef}</UniqueIdentifier>
    </Filter>
    <Filter Include="04. Contents\CaptainForever">
      <UniqueIdentifier>{3ca3d871-1166-4253-a8bb-dff0b0bfd1a3}</UniqueIdentifier>
    </Filter>
    <Filter Include="04. Contents\CaptainForever\01. Tool">
      <UniqueIdentifier>{ae754a57-9d68-4bdd-8471-16cf2662f741}</UniqueIdentifier>
    </Filter>
    <Filter Include="04. Contents\CaptainForever\02. GUI">
      <UniqueIdentifier>{93d9b37a-ee6b-4337-b408-9e3154cecc85}</UniqueIdentifier>
    </Filter>
    <Filter Include="03. Tools\04. GUI">
      <UniqueIdentifier>{82c96f97-d325-49e9-b8c4-210e6c9cc569}</UniqueIdentifier>
    </Filter>
    <Filter Include="03. Tools\04. GUI\TileMapEditor">
      <UniqueIdentifier>{d3ceadf4-b540-443f-83a5-f194a22ec9cc}</UniqueIdentifier>
    </Filter>
    <Filter Include="02. GUI\InspectorGUI\InspectorViewGUI\ComponentGUI\UI">
      <UniqueIdentifier>{2fe9104e-f00e-489d-98d6-8af73499010c}</UniqueIdentifier>
    </Filter>
    <Filter Include="02. GUI\InspectorGUI\InspectorViewGUI\ComponentGUI\UI\ImageUIGUI">
      <UniqueIdentifier>{70aecfe7-1046-428d-be0d-51c95eae7546}</UniqueIdentifier>
    </Filter>
    <Filter Include="02. GUI\InspectorGUI\InspectorViewGUI\ComponentGUI\UI\TextUIGUI">
      <UniqueIdentifier>{658d122e-b851-4464-982e-ab820b8edc94}</UniqueIdentifier>
    </Filter>
    <Filter Include="02. GUI\InspectorGUI\InspectorViewGUI\ComponentGUI\UI\RectTransformGUI">
      <UniqueIdentifier>{9af7c156-5e53-42d4-bd8a-b94557b66adf}</UniqueIdentifier>
    </Filter>
    <Filter Include="02. GUI\InspectorGUI\InspectorViewGUI\ComponentGUI\UI\ButtonUIGUI">
      <UniqueIdentifier>{5f4ff9b8-b09d-4de1-b01a-a78b5692252a}</UniqueIdentifier>
    </Filter>
    <Filter Include="02. GUI\InspectorGUI\InspectorViewGUI\ComponentGUI\UI\CanvasRendererGUI">
      <UniqueIdentifier>{dc685ffd-1e47-4393-9a45-d0029f3fad0d}</UniqueIdentifier>
    </Filter>
  </ItemGroup>
  <ItemGroup>
    <ClInclude Include="WindowsMessageMap.h">
      <Filter>01. Client\WindowsMessageMap</Filter>
    </ClInclude>
    <ClInclude Include="framework.h">
      <Filter>00. Default</Filter>
    </ClInclude>
    <ClInclude Include="pch.h">
      <Filter>00. Default</Filter>
    </ClInclude>
    <ClInclude Include="Resource.h">
      <Filter>00. Default</Filter>
    </ClInclude>
    <ClInclude Include="targetver.h">
      <Filter>00. Default</Filter>
    </ClInclude>
    <ClInclude Include="Client.h">
      <Filter>01. Client</Filter>
    </ClInclude>
    <ClInclude Include="CTestScene.h" />
    <ClInclude Include="CSceneSaveLoad.h">
      <Filter>01. Client\Manager\SaveLoad</Filter>
    </ClInclude>
    <ClInclude Include="CImGuiManager.h">
      <Filter>01. Client\Manager\ImGui</Filter>
    </ClInclude>
    <ClInclude Include="imgui_impl_dx11.h">
      <Filter>ImGUI</Filter>
    </ClInclude>
    <ClInclude Include="imgui_impl_win32.h">
      <Filter>ImGUI</Filter>
    </ClInclude>
    <ClInclude Include="imgui_internal.h">
      <Filter>ImGUI</Filter>
    </ClInclude>
    <ClInclude Include="imstb_rectpack.h">
      <Filter>ImGUI</Filter>
    </ClInclude>
    <ClInclude Include="imstb_textedit.h">
      <Filter>ImGUI</Filter>
    </ClInclude>
    <ClInclude Include="imstb_truetype.h">
      <Filter>ImGUI</Filter>
    </ClInclude>
    <ClInclude Include="imconfig.h">
      <Filter>ImGUI</Filter>
    </ClInclude>
    <ClInclude Include="imgui.h">
      <Filter>ImGUI</Filter>
    </ClInclude>
    <ClInclude Include="GUI.h">
      <Filter>02. GUI</Filter>
    </ClInclude>
    <ClInclude Include="ComponentGUI.h">
      <Filter>02. GUI\InspectorGUI\InspectorViewGUI\ComponentGUI</Filter>
    </ClInclude>
    <ClInclude Include="TransformGUI.h">
      <Filter>02. GUI\InspectorGUI\InspectorViewGUI\ComponentGUI\TransformGUI</Filter>
    </ClInclude>
    <ClInclude Include="MeshRendererGUI.h">
      <Filter>02. GUI\InspectorGUI\InspectorViewGUI\ComponentGUI\MeshRendererGUI</Filter>
    </ClInclude>
    <ClInclude Include="ListViewGUI.h">
      <Filter>02. GUI\Module\ListViewGUI</Filter>
    </ClInclude>
    <ClInclude Include="HierachyGUI.h">
      <Filter>02. GUI\HierachyGUI</Filter>
    </ClInclude>
    <ClInclude Include="ResourceGUI.h">
      <Filter>02. GUI\InspectorGUI\InspectorViewGUI\ResourceGUI</Filter>
    </ClInclude>
    <ClInclude Include="TreeViewGUI.h">
      <Filter>02. GUI\Module\TreeVIewGUI</Filter>
    </ClInclude>
    <ClInclude Include="InspectorGUI.h">
      <Filter>02. GUI\InspectorGUI</Filter>
    </ClInclude>
    <ClInclude Include="Collider2DGUI.h">
      <Filter>02. GUI\InspectorGUI\InspectorViewGUI\ComponentGUI\ColliderGUI\RectCollider2DGUI</Filter>
    </ClInclude>
    <ClInclude Include="TextureGUI.h">
      <Filter>02. GUI\InspectorGUI\InspectorViewGUI\ResourceGUI\TextureGUI</Filter>
    </ClInclude>
    <ClInclude Include="MaterialGUI.h">
      <Filter>02. GUI\InspectorGUI\InspectorViewGUI\ResourceGUI\MaterialGUI</Filter>
    </ClInclude>
    <ClInclude Include="ResourceViewGUI.h">
      <Filter>02. GUI\ResourceViewGUI</Filter>
    </ClInclude>
    <ClInclude Include="StringTableGUI.h">
      <Filter>00. Default</Filter>
    </ClInclude>
    <ClInclude Include="InspectorViewGUI.h">
      <Filter>02. GUI\InspectorGUI\InspectorViewGUI</Filter>
    </ClInclude>
    <ClInclude Include="MenuGUI.h">
      <Filter>02. GUI\MenuGUI</Filter>
    </ClInclude>
    <ClInclude Include="MainMenuGUI.h">
      <Filter>02. GUI\MenuGUI\MainMenuGUI</Filter>
    </ClInclude>
    <ClInclude Include="RigidbodyGUI.h">
      <Filter>02. GUI\InspectorGUI\InspectorViewGUI\ComponentGUI\RigidbodyGUI</Filter>
    </ClInclude>
    <ClInclude Include="Rigidbody2DGUI.h">
      <Filter>02. GUI\InspectorGUI\InspectorViewGUI\ComponentGUI\RigidbodyGUI\Rigidbody2DGUI</Filter>
    </ClInclude>
    <ClInclude Include="CToolObjManager.h">
      <Filter>03. Tools\01. Manager</Filter>
    </ClInclude>
    <ClInclude Include="CGameObjectEx.h">
      <Filter>03. Tools\02. ToolObjects\GameObject</Filter>
    </ClInclude>
    <ClInclude Include="CCameraEx.h">
      <Filter>03. Tools\02. ToolObjects\Camera</Filter>
    </ClInclude>
    <ClInclude Include="CToolCameraScript.h">
      <Filter>03. Tools\03. Scripts\Camera</Filter>
    </ClInclude>
    <ClInclude Include="AnimatorGUI.h">
      <Filter>02. GUI\InspectorGUI\InspectorViewGUI\ComponentGUI\AnimatorGUI</Filter>
    </ClInclude>
    <ClInclude Include="Animator2DGUI.h">
      <Filter>02. GUI\InspectorGUI\InspectorViewGUI\ComponentGUI\AnimatorGUI\Animator2DGUI</Filter>
    </ClInclude>
    <ClInclude Include="LightGUI.h">
      <Filter>02. GUI\InspectorGUI\InspectorViewGUI\ComponentGUI\LightGUI</Filter>
    </ClInclude>
    <ClInclude Include="Light2DGUI.h">
      <Filter>02. GUI\InspectorGUI\InspectorViewGUI\ComponentGUI\LightGUI\Light2DGUI</Filter>
    </ClInclude>
    <ClInclude Include="TileMapGUI.h">
      <Filter>02. GUI\InspectorGUI\InspectorViewGUI\ComponentGUI\TileMapGUI</Filter>
    </ClInclude>
    <ClInclude Include="ParamGUI.h">
      <Filter>02. GUI\Module\ParamGUI</Filter>
    </ClInclude>
    <ClInclude Include="ContextMenuGUI.h">
      <Filter>02. GUI\Module\ContextMenuGUI</Filter>
    </ClInclude>
    <ClInclude Include="CameraGUI.h">
      <Filter>02. GUI\InspectorGUI\InspectorViewGUI\ComponentGUI\CCameraGUI</Filter>
    </ClInclude>
    <ClInclude Include="ScriptGUI.h">
      <Filter>02. GUI\InspectorGUI\InspectorViewGUI\ComponentGUI\ScriptGUI</Filter>
    </ClInclude>
    <ClInclude Include="PrefabGUI.h">
      <Filter>02. GUI\InspectorGUI\InspectorViewGUI\ResourceGUI\PrefabGUI</Filter>
    </ClInclude>
    <ClInclude Include="DebugGUI.h">
      <Filter>02. GUI\DebugGUI</Filter>
    </ClInclude>
    <ClInclude Include="SceneViewGUI.h">
      <Filter>02. GUI\SceneViewGUI</Filter>
    </ClInclude>
    <ClInclude Include="ModuleCreatorGUI_ca.h">
      <Filter>04. Contents\CaptainForever\02. GUI</Filter>
    </ClInclude>
    <ClInclude Include="TileMapEditorGUI.h">
      <Filter>03. Tools\04. GUI\TileMapEditor</Filter>
    </ClInclude>
    <ClInclude Include="RectTransformGUI.h">
      <Filter>02. GUI\InspectorGUI\InspectorViewGUI\ComponentGUI\UI\RectTransformGUI</Filter>
    </ClInclude>
    <ClInclude Include="CanvasRendererGUI.h">
      <Filter>02. GUI\InspectorGUI\InspectorViewGUI\ComponentGUI\UI\CanvasRendererGUI</Filter>
    </ClInclude>
    <ClInclude Include="TextUIGUI.h">
      <Filter>02. GUI\InspectorGUI\InspectorViewGUI\ComponentGUI\UI\TextUIGUI</Filter>
    </ClInclude>
    <ClInclude Include="ButtonUIGUI.h">
      <Filter>02. GUI\InspectorGUI\InspectorViewGUI\ComponentGUI\UI\ButtonUIGUI</Filter>
    </ClInclude>
    <ClInclude Include="ImageUIGUI.h">
      <Filter>02. GUI\InspectorGUI\InspectorViewGUI\ComponentGUI\UI\ImageUIGUI</Filter>
    </ClInclude>
  </ItemGroup>
  <ItemGroup>
    <ClCompile Include="WindowsMessageMap.cpp">
      <Filter>01. Client\WindowsMessageMap</Filter>
    </ClCompile>
    <ClCompile Include="pch.cpp">
      <Filter>00. Default</Filter>
    </ClCompile>
    <ClCompile Include="Client.cpp">
      <Filter>01. Client</Filter>
    </ClCompile>
    <ClCompile Include="CTestScene.cpp" />
    <ClCompile Include="CSceneSaveLoad.cpp">
      <Filter>01. Client\Manager\SaveLoad</Filter>
    </ClCompile>
    <ClCompile Include="CImGuiManager.cpp">
      <Filter>01. Client\Manager\ImGui</Filter>
    </ClCompile>
    <ClCompile Include="imgui_demo.cpp">
      <Filter>ImGUI</Filter>
    </ClCompile>
    <ClCompile Include="imgui_draw.cpp">
      <Filter>ImGUI</Filter>
    </ClCompile>
    <ClCompile Include="imgui_impl_dx11.cpp">
      <Filter>ImGUI</Filter>
    </ClCompile>
    <ClCompile Include="imgui_impl_win32.cpp">
      <Filter>ImGUI</Filter>
    </ClCompile>
    <ClCompile Include="imgui_tables.cpp">
      <Filter>ImGUI</Filter>
    </ClCompile>
    <ClCompile Include="imgui_widgets.cpp">
      <Filter>ImGUI</Filter>
    </ClCompile>
    <ClCompile Include="imgui.cpp">
      <Filter>ImGUI</Filter>
    </ClCompile>
    <ClCompile Include="GUI.cpp">
      <Filter>02. GUI</Filter>
    </ClCompile>
    <ClCompile Include="ComponentGUI.cpp">
      <Filter>02. GUI\InspectorGUI\InspectorViewGUI\ComponentGUI</Filter>
    </ClCompile>
    <ClCompile Include="TransformGUI.cpp">
      <Filter>02. GUI\InspectorGUI\InspectorViewGUI\ComponentGUI\TransformGUI</Filter>
    </ClCompile>
    <ClCompile Include="MeshRendererGUI.cpp">
      <Filter>02. GUI\InspectorGUI\InspectorViewGUI\ComponentGUI\MeshRendererGUI</Filter>
    </ClCompile>
    <ClCompile Include="ListViewGUI.cpp">
      <Filter>02. GUI\Module\ListViewGUI</Filter>
    </ClCompile>
    <ClCompile Include="HierachyGUI.cpp">
      <Filter>02. GUI\HierachyGUI</Filter>
    </ClCompile>
    <ClCompile Include="ResourceGUI.cpp">
      <Filter>02. GUI\InspectorGUI\InspectorViewGUI\ResourceGUI</Filter>
    </ClCompile>
    <ClCompile Include="TreeViewGUI.cpp">
      <Filter>02. GUI\Module\TreeVIewGUI</Filter>
    </ClCompile>
    <ClCompile Include="InspectorGUI.cpp">
      <Filter>02. GUI\InspectorGUI</Filter>
    </ClCompile>
    <ClCompile Include="Collider2DGUI.cpp">
      <Filter>02. GUI\InspectorGUI\InspectorViewGUI\ComponentGUI\ColliderGUI\RectCollider2DGUI</Filter>
    </ClCompile>
    <ClCompile Include="TextureGUI.cpp">
      <Filter>02. GUI\InspectorGUI\InspectorViewGUI\ResourceGUI\TextureGUI</Filter>
    </ClCompile>
    <ClCompile Include="MaterialGUI.cpp">
      <Filter>02. GUI\InspectorGUI\InspectorViewGUI\ResourceGUI\MaterialGUI</Filter>
    </ClCompile>
    <ClCompile Include="ResourceViewGUI.cpp">
      <Filter>02. GUI\ResourceViewGUI</Filter>
    </ClCompile>
    <ClCompile Include="InspectorViewGUI.cpp">
      <Filter>02. GUI\InspectorGUI\InspectorViewGUI</Filter>
    </ClCompile>
    <ClCompile Include="MenuGUI.cpp">
      <Filter>02. GUI\MenuGUI</Filter>
    </ClCompile>
    <ClCompile Include="MainMenuGUI.cpp">
      <Filter>02. GUI\MenuGUI\MainMenuGUI</Filter>
    </ClCompile>
    <ClCompile Include="RigidbodyGUI.cpp">
      <Filter>02. GUI\InspectorGUI\InspectorViewGUI\ComponentGUI\RigidbodyGUI</Filter>
    </ClCompile>
    <ClCompile Include="Rigidbody2DGUI.cpp">
      <Filter>02. GUI\InspectorGUI\InspectorViewGUI\ComponentGUI\RigidbodyGUI\Rigidbody2DGUI</Filter>
    </ClCompile>
    <ClCompile Include="CToolObjManager.cpp">
      <Filter>03. Tools\01. Manager</Filter>
    </ClCompile>
    <ClCompile Include="CGameObjectEx.cpp">
      <Filter>03. Tools\02. ToolObjects\GameObject</Filter>
    </ClCompile>
    <ClCompile Include="CCameraEx.cpp">
      <Filter>03. Tools\02. ToolObjects\Camera</Filter>
    </ClCompile>
    <ClCompile Include="CToolCameraScript.cpp">
      <Filter>03. Tools\03. Scripts\Camera</Filter>
    </ClCompile>
    <ClCompile Include="AnimatorGUI.cpp">
      <Filter>02. GUI\InspectorGUI\InspectorViewGUI\ComponentGUI\AnimatorGUI</Filter>
    </ClCompile>
    <ClCompile Include="Animator2DGUI.cpp">
      <Filter>02. GUI\InspectorGUI\InspectorViewGUI\ComponentGUI\AnimatorGUI\Animator2DGUI</Filter>
    </ClCompile>
    <ClCompile Include="LightGUI.cpp">
      <Filter>02. GUI\InspectorGUI\InspectorViewGUI\ComponentGUI\LightGUI</Filter>
    </ClCompile>
    <ClCompile Include="Light2DGUI.cpp">
      <Filter>02. GUI\InspectorGUI\InspectorViewGUI\ComponentGUI\LightGUI\Light2DGUI</Filter>
    </ClCompile>
    <ClCompile Include="TileMapGUI.cpp">
      <Filter>02. GUI\InspectorGUI\InspectorViewGUI\ComponentGUI\TileMapGUI</Filter>
    </ClCompile>
    <ClCompile Include="ParamGUI.cpp">
      <Filter>02. GUI\Module\ParamGUI</Filter>
    </ClCompile>
    <ClCompile Include="ContextMenuGUI.cpp">
      <Filter>02. GUI\Module\ContextMenuGUI</Filter>
    </ClCompile>
    <ClCompile Include="CameraGUI.cpp">
      <Filter>02. GUI\InspectorGUI\InspectorViewGUI\ComponentGUI\CCameraGUI</Filter>
    </ClCompile>
    <ClCompile Include="ScriptGUI.cpp">
      <Filter>02. GUI\InspectorGUI\InspectorViewGUI\ComponentGUI\ScriptGUI</Filter>
    </ClCompile>
    <ClCompile Include="PrefabGUI.cpp">
      <Filter>02. GUI\InspectorGUI\InspectorViewGUI\ResourceGUI\PrefabGUI</Filter>
    </ClCompile>
    <ClCompile Include="DebugGUI.cpp">
      <Filter>02. GUI\DebugGUI</Filter>
    </ClCompile>
    <ClCompile Include="SceneViewGUI.cpp">
      <Filter>02. GUI\SceneViewGUI</Filter>
    </ClCompile>
    <ClCompile Include="ModuleCreatorGUI_ca.cpp">
      <Filter>04. Contents\CaptainForever\02. GUI</Filter>
    </ClCompile>
    <ClCompile Include="TileMapEditorGUI.cpp">
      <Filter>03. Tools\04. GUI\TileMapEditor</Filter>
    </ClCompile>
    <ClCompile Include="RectTransformGUI.cpp">
      <Filter>02. GUI\InspectorGUI\InspectorViewGUI\ComponentGUI\UI\RectTransformGUI</Filter>
    </ClCompile>
    <ClCompile Include="CanvasRendererGUI.cpp">
      <Filter>02. GUI\InspectorGUI\InspectorViewGUI\ComponentGUI\UI\CanvasRendererGUI</Filter>
    </ClCompile>
    <ClCompile Include="TextUIGUI.cpp">
      <Filter>02. GUI\InspectorGUI\InspectorViewGUI\ComponentGUI\UI\TextUIGUI</Filter>
    </ClCompile>
    <ClCompile Include="ButtonUIGUI.cpp">
      <Filter>02. GUI\InspectorGUI\InspectorViewGUI\ComponentGUI\UI\ButtonUIGUI</Filter>
    </ClCompile>
    <ClCompile Include="ImageUIGUI.cpp">
      <Filter>02. GUI\InspectorGUI\InspectorViewGUI\ComponentGUI\UI\ImageUIGUI</Filter>
    </ClCompile>
  </ItemGroup>
  <ItemGroup>
    <ResourceCompile Include="Client.rc">
      <Filter>Resource Files</Filter>
    </ResourceCompile>
  </ItemGroup>
  <ItemGroup>
    <Image Include="small.ico">
      <Filter>Resource Files</Filter>
    </Image>
    <Image Include="Client.ico">
      <Filter>Resource Files</Filter>
    </Image>
  </ItemGroup>
  <ItemGroup>
    <Text Include="LICENSE.txt">
      <Filter>ImGUI</Filter>
    </Text>
  </ItemGroup>
</Project>