<?xml version="1.0" encoding="utf-8"?>
<Project ToolsVersion="4.0" xmlns="http://schemas.microsoft.com/developer/msbuild/2003">
  <ItemGroup>
    <Filter Include="Resource Files">
      <UniqueIdentifier>{67DA6AB6-F800-4c08-8B7A-83BB121AAD01}</UniqueIdentifier>
      <Extensions>rc;ico;cur;bmp;dlg;rc2;rct;bin;rgs;gif;jpg;jpeg;jpe;resx;tiff;tif;png;wav;mfcribbon-ms</Extensions>
    </Filter>
    <Filter Include="Default">
      <UniqueIdentifier>{8acd106d-f303-4ffb-baff-b12483cbafd4}</UniqueIdentifier>
    </Filter>
    <Filter Include="Client">
      <UniqueIdentifier>{92c7f701-5b47-4a9b-b01d-e207adbd215a}</UniqueIdentifier>
    </Filter>
    <Filter Include="Client\WindowsMessageMap">
      <UniqueIdentifier>{453eb0cf-f452-41f0-aa05-ceb07675b4b4}</UniqueIdentifier>
    </Filter>
    <Filter Include="Client\Manager">
      <UniqueIdentifier>{b511e684-3d8a-4a91-8611-3778f89b2b9a}</UniqueIdentifier>
    </Filter>
    <Filter Include="Client\Manager\SaveLoad">
      <UniqueIdentifier>{ac121e6f-2dea-4b00-a418-7c13bd37b7bb}</UniqueIdentifier>
    </Filter>
    <Filter Include="ImGUI">
      <UniqueIdentifier>{1c8a472f-422e-4f7e-90bc-a4bd52740fc1}</UniqueIdentifier>
    </Filter>
    <Filter Include="Client\Manager\ImGui">
      <UniqueIdentifier>{f56bb79a-3037-4b9c-905f-13fd45bf757b}</UniqueIdentifier>
    </Filter>
    <Filter Include="GUI">
      <UniqueIdentifier>{ac6b3301-df2f-4b9f-bfdb-9534c36e72da}</UniqueIdentifier>
    </Filter>
    <Filter Include="GUI\InspectorGUI">
      <UniqueIdentifier>{94f54ad0-7a50-4086-80ad-d8495f7045b9}</UniqueIdentifier>
    </Filter>
    <Filter Include="GUI\HierachyGUI">
      <UniqueIdentifier>{f14b894b-abe1-4707-a600-f8030ef66852}</UniqueIdentifier>
    </Filter>
    <Filter Include="GUI\Module">
      <UniqueIdentifier>{2d05aa2c-6d07-4651-b554-34690ac11fa3}</UniqueIdentifier>
    </Filter>
    <Filter Include="GUI\Module\ListViewGUI">
      <UniqueIdentifier>{1d30f82e-3aaf-413b-9970-17b377b59996}</UniqueIdentifier>
    </Filter>
    <Filter Include="GUI\Module\TreeVIewGUI">
      <UniqueIdentifier>{e32e9031-89f6-4ba4-a03e-7abc80d63e0b}</UniqueIdentifier>
    </Filter>
    <Filter Include="GUI\InspectorGUI\ComponentGUI">
      <UniqueIdentifier>{1c92634c-f58e-4539-9847-146aa9c7e950}</UniqueIdentifier>
    </Filter>
    <Filter Include="GUI\InspectorGUI\ComponentGUI\TransformGUI">
      <UniqueIdentifier>{1e712e9c-0f9d-43c8-a4a5-22ea74d56293}</UniqueIdentifier>
    </Filter>
    <Filter Include="GUI\InspectorGUI\ComponentGUI\MeshRendererGUI">
      <UniqueIdentifier>{83118172-75a5-4411-be87-933f27c5f73f}</UniqueIdentifier>
    </Filter>
    <Filter Include="GUI\InspectorGUI\ResourceGUI">
      <UniqueIdentifier>{c4785640-840c-4b99-b8a6-4d40366287b7}</UniqueIdentifier>
    </Filter>
    <Filter Include="GUI\InspectorGUI\ComponentGUI\ColliderGUI">
      <UniqueIdentifier>{60268bf0-830c-4289-a8fb-facc3a018162}</UniqueIdentifier>
    </Filter>
    <Filter Include="GUI\InspectorGUI\ComponentGUI\ColliderGUI\CircleCollider2DGUI">
      <UniqueIdentifier>{c0c9bdb9-ba3f-4f53-92b0-3f21ed5ec85a}</UniqueIdentifier>
    </Filter>
    <Filter Include="GUI\InspectorGUI\ComponentGUI\ColliderGUI\RectCollider2DGUI">
      <UniqueIdentifier>{875bbde1-f153-4430-884f-9cf509844aee}</UniqueIdentifier>
    </Filter>
    <Filter Include="GUI\InspectorGUI\ResourceGUI\MaterialGUI">
      <UniqueIdentifier>{ff44992b-b687-4f10-9f2f-340ba707c5b1}</UniqueIdentifier>
    </Filter>
    <Filter Include="GUI\InspectorGUI\ResourceGUI\TextureGUI">
      <UniqueIdentifier>{5e7649c4-a377-4249-8367-6ab431014f94}</UniqueIdentifier>
    </Filter>
    <Filter Include="GUI\ResourceManagerGUI">
      <UniqueIdentifier>{401419e2-b7af-4362-9fff-844f73366873}</UniqueIdentifier>
    </Filter>
  </ItemGroup>
  <ItemGroup>
    <ClInclude Include="WindowsMessageMap.h">
      <Filter>Client\WindowsMessageMap</Filter>
    </ClInclude>
    <ClInclude Include="framework.h">
      <Filter>Default</Filter>
    </ClInclude>
    <ClInclude Include="pch.h">
      <Filter>Default</Filter>
    </ClInclude>
    <ClInclude Include="Resource.h">
      <Filter>Default</Filter>
    </ClInclude>
    <ClInclude Include="targetver.h">
      <Filter>Default</Filter>
    </ClInclude>
    <ClInclude Include="Client.h">
      <Filter>Client</Filter>
    </ClInclude>
    <ClInclude Include="CTestScene.h" />
    <ClInclude Include="CSceneSaveLoad.h">
      <Filter>Client\Manager\SaveLoad</Filter>
    </ClInclude>
    <ClInclude Include="CImGuiManager.h">
      <Filter>Client\Manager\ImGui</Filter>
    </ClInclude>
    <ClInclude Include="imgui_impl_dx11.h">
      <Filter>ImGUI</Filter>
    </ClInclude>
    <ClInclude Include="imgui_impl_win32.h">
      <Filter>ImGUI</Filter>
    </ClInclude>
    <ClInclude Include="imgui_internal.h">
      <Filter>ImGUI</Filter>
    </ClInclude>
    <ClInclude Include="imstb_rectpack.h">
      <Filter>ImGUI</Filter>
    </ClInclude>
    <ClInclude Include="imstb_textedit.h">
      <Filter>ImGUI</Filter>
    </ClInclude>
    <ClInclude Include="imstb_truetype.h">
      <Filter>ImGUI</Filter>
    </ClInclude>
    <ClInclude Include="imconfig.h">
      <Filter>ImGUI</Filter>
    </ClInclude>
    <ClInclude Include="imgui.h">
      <Filter>ImGUI</Filter>
    </ClInclude>
    <ClInclude Include="GUI.h">
      <Filter>GUI</Filter>
    </ClInclude>
    <ClInclude Include="ComponentGUI.h">
      <Filter>GUI\InspectorGUI\ComponentGUI</Filter>
    </ClInclude>
    <ClInclude Include="TransformGUI.h">
      <Filter>GUI\InspectorGUI\ComponentGUI\TransformGUI</Filter>
    </ClInclude>
    <ClInclude Include="MeshRendererGUI.h">
      <Filter>GUI\InspectorGUI\ComponentGUI\MeshRendererGUI</Filter>
    </ClInclude>
    <ClInclude Include="ListViewGUI.h">
      <Filter>GUI\Module\ListViewGUI</Filter>
    </ClInclude>
    <ClInclude Include="HierachyGUI.h">
      <Filter>GUI\HierachyGUI</Filter>
    </ClInclude>
    <ClInclude Include="ResourceGUI.h">
      <Filter>GUI\InspectorGUI\ResourceGUI</Filter>
    </ClInclude>
    <ClInclude Include="TreeViewGUI.h">
      <Filter>GUI\Module\TreeVIewGUI</Filter>
    </ClInclude>
    <ClInclude Include="InspectorGUI.h">
      <Filter>GUI\InspectorGUI</Filter>
    </ClInclude>
    <ClInclude Include="Collider2DRectGUI.h">
      <Filter>GUI\InspectorGUI\ComponentGUI\ColliderGUI\RectCollider2DGUI</Filter>
    </ClInclude>
    <ClInclude Include="TextureGUI.h">
      <Filter>GUI\InspectorGUI\ResourceGUI\TextureGUI</Filter>
    </ClInclude>
    <ClInclude Include="MaterialGUI.h">
      <Filter>GUI\InspectorGUI\ResourceGUI\MaterialGUI</Filter>
    </ClInclude>
    <ClInclude Include="ResourceManagerGUI.h">
      <Filter>GUI\ResourceManagerGUI</Filter>
    </ClInclude>
    <ClInclude Include="StringTableGUI.h">
      <Filter>Default</Filter>
    </ClInclude>
  </ItemGroup>
  <ItemGroup>
    <ClCompile Include="WindowsMessageMap.cpp">
      <Filter>Client\WindowsMessageMap</Filter>
    </ClCompile>
    <ClCompile Include="pch.cpp">
      <Filter>Default</Filter>
    </ClCompile>
    <ClCompile Include="Client.cpp">
      <Filter>Client</Filter>
    </ClCompile>
    <ClCompile Include="CTestScene.cpp" />
    <ClCompile Include="CSceneSaveLoad.cpp">
      <Filter>Client\Manager\SaveLoad</Filter>
    </ClCompile>
    <ClCompile Include="CImGuiManager.cpp">
      <Filter>Client\Manager\ImGui</Filter>
    </ClCompile>
    <ClCompile Include="imgui_demo.cpp">
      <Filter>ImGUI</Filter>
    </ClCompile>
    <ClCompile Include="imgui_draw.cpp">
      <Filter>ImGUI</Filter>
    </ClCompile>
    <ClCompile Include="imgui_impl_dx11.cpp">
      <Filter>ImGUI</Filter>
    </ClCompile>
    <ClCompile Include="imgui_impl_win32.cpp">
      <Filter>ImGUI</Filter>
    </ClCompile>
    <ClCompile Include="imgui_tables.cpp">
      <Filter>ImGUI</Filter>
    </ClCompile>
    <ClCompile Include="imgui_widgets.cpp">
      <Filter>ImGUI</Filter>
    </ClCompile>
    <ClCompile Include="imgui.cpp">
      <Filter>ImGUI</Filter>
    </ClCompile>
    <ClCompile Include="GUI.cpp">
      <Filter>GUI</Filter>
    </ClCompile>
    <ClCompile Include="ComponentGUI.cpp">
      <Filter>GUI\InspectorGUI\ComponentGUI</Filter>
    </ClCompile>
    <ClCompile Include="TransformGUI.cpp">
      <Filter>GUI\InspectorGUI\ComponentGUI\TransformGUI</Filter>
    </ClCompile>
    <ClCompile Include="MeshRendererGUI.cpp">
      <Filter>GUI\InspectorGUI\ComponentGUI\MeshRendererGUI</Filter>
    </ClCompile>
    <ClCompile Include="ListViewGUI.cpp">
      <Filter>GUI\Module\ListViewGUI</Filter>
    </ClCompile>
    <ClCompile Include="HierachyGUI.cpp">
      <Filter>GUI\HierachyGUI</Filter>
    </ClCompile>
    <ClCompile Include="ResourceGUI.cpp">
      <Filter>GUI\InspectorGUI\ResourceGUI</Filter>
    </ClCompile>
    <ClCompile Include="TreeViewGUI.cpp">
      <Filter>GUI\Module\TreeVIewGUI</Filter>
    </ClCompile>
    <ClCompile Include="InspectorGUI.cpp">
      <Filter>GUI\InspectorGUI</Filter>
    </ClCompile>
    <ClCompile Include="Collider2DRectGUI.cpp">
      <Filter>GUI\InspectorGUI\ComponentGUI\ColliderGUI\RectCollider2DGUI</Filter>
    </ClCompile>
    <ClCompile Include="TextureGUI.cpp">
      <Filter>GUI\InspectorGUI\ResourceGUI\TextureGUI</Filter>
    </ClCompile>
    <ClCompile Include="MaterialGUI.cpp">
      <Filter>GUI\InspectorGUI\ResourceGUI\MaterialGUI</Filter>
    </ClCompile>
    <ClCompile Include="ResourceManagerGUI.cpp">
      <Filter>GUI\ResourceManagerGUI</Filter>
    </ClCompile>
  </ItemGroup>
  <ItemGroup>
    <ResourceCompile Include="Client.rc">
      <Filter>Resource Files</Filter>
    </ResourceCompile>
  </ItemGroup>
  <ItemGroup>
    <Image Include="small.ico">
      <Filter>Resource Files</Filter>
    </Image>
    <Image Include="Client.ico">
      <Filter>Resource Files</Filter>
    </Image>
  </ItemGroup>
  <ItemGroup>
    <Text Include="LICENSE.txt">
      <Filter>ImGUI</Filter>
    </Text>
  </ItemGroup>
</Project>